<?xml version="1.0" encoding="utf-8"?>
<Project ToolsVersion="4.0" xmlns="http://schemas.microsoft.com/developer/msbuild/2003">
  <ItemGroup>
    <Filter Include="Source Files">
      <UniqueIdentifier>{4FC737F1-C7A5-4376-A066-2A32D752A2FF}</UniqueIdentifier>
      <Extensions>cpp;c;cc;cxx;def;odl;idl;hpj;bat;asm;asmx</Extensions>
    </Filter>
    <Filter Include="Header Files">
      <UniqueIdentifier>{93995380-89BD-4b04-88EB-625FBE52EBFB}</UniqueIdentifier>
      <Extensions>h;hh;hpp;hxx;hm;inl;inc;xsd</Extensions>
    </Filter>
    <Filter Include="Resource Files">
      <UniqueIdentifier>{67DA6AB6-F800-4c08-8B7A-83BB121AAD01}</UniqueIdentifier>
      <Extensions>rc;ico;cur;bmp;dlg;rc2;rct;bin;rgs;gif;jpg;jpeg;jpe;resx;tiff;tif;png;wav;mfcribbon-ms</Extensions>
    </Filter>
  </ItemGroup>
  <ItemGroup>
    <Text Include="ReadMe.txt" />
  </ItemGroup>
  <ItemGroup>
    <ClInclude Include="Source\Public\DefsX64.h">
      <Filter>Header Files</Filter>
    </ClInclude>
    <ClInclude Include="Source\Public\DefsX86.h">
      <Filter>Header Files</Filter>
    </ClInclude>
    <ClInclude Include="Source\Public\EngineTypes.h">
      <Filter>Header Files</Filter>
    </ClInclude>
    <ClInclude Include="Source\Public\OSXDefs.h">
      <Filter>Header Files</Filter>
    </ClInclude>
    <ClInclude Include="Source\Public\WindowsDefs.h">
      <Filter>Header Files</Filter>
    </ClInclude>
    <ClInclude Include="Source\Public\Engine\Engine.h">
      <Filter>Header Files</Filter>
    </ClInclude>
    <ClInclude Include="Source\Public\Engine\BaseEngineInterface.h">
      <Filter>Header Files</Filter>
    </ClInclude>
    <ClInclude Include="Source\Public\Engine\EngineConfiguration.h">
      <Filter>Header Files</Filter>
    </ClInclude>
    <ClInclude Include="Source\Public\Engine\ReturnValues.h">
      <Filter>Header Files</Filter>
    </ClInclude>
    <ClInclude Include="Source\Public\Events\EventHandler.h">
      <Filter>Header Files</Filter>
    </ClInclude>
    <ClInclude Include="Source\Public\Events\Events.h">
      <Filter>Header Files</Filter>
    </ClInclude>
    <ClInclude Include="Source\Public\Events\EventSequence.h">
      <Filter>Header Files</Filter>
    </ClInclude>
    <ClInclude Include="Source\Public\Events\UserEvent.h">
      <Filter>Header Files</Filter>
    </ClInclude>
    <ClInclude Include="Source\Public\BasicIncludes.h">
      <Filter>Header Files</Filter>
    </ClInclude>
    <ClInclude Include="Source\Public\EditorDefs.h">
      <Filter>Header Files</Filter>
    </ClInclude>
    <ClInclude Include="Source\Public\Globals.h">
      <Filter>Header Files</Filter>
    </ClInclude>
    <ClInclude Include="Source\Public\DebugDefs.h">
      <Filter>Header Files</Filter>
    </ClInclude>
    <ClInclude Include="Source\Public\Messaging\Messager.h">
      <Filter>Header Files</Filter>
    </ClInclude>
    <ClInclude Include="Source\Public\Exceptions\Exceptions.hpp">
      <Filter>Header Files</Filter>
    </ClInclude>
    <ClInclude Include="Source\Public\Level\BasicLevel.h">
      <Filter>Header Files</Filter>
    </ClInclude>
    <ClInclude Include="Source\Public\DependencyInterface.h">
      <Filter>Header Files</Filter>
    </ClInclude>
    <ClInclude Include="Source\Public\Physics\Collider.h">
      <Filter>Header Files</Filter>
    </ClInclude>
    <ClInclude Include="Source\Public\Resources\Resources.h">
      <Filter>Header Files</Filter>
    </ClInclude>
    <ClInclude Include="Source\Public\ASync\LevelStreaming.h">
      <Filter>Header Files</Filter>
    </ClInclude>
    <ClInclude Include="Source\Public\Utils\TimedSequence.h">
      <Filter>Header Files</Filter>
    </ClInclude>
    <ClInclude Include="Source\Public\UI\UIMacros.h">
      <Filter>Header Files</Filter>
    </ClInclude>
    <ClInclude Include="Source\Public\Utils\SplinePath.h">
      <Filter>Header Files</Filter>
    </ClInclude>
    <ClInclude Include="Source\Public\Utils\UntimedSequence.h">
      <Filter>Header Files</Filter>
    </ClInclude>
    <ClInclude Include="Source\Public\State\DeviceState.h">
      <Filter>Header Files</Filter>
    </ClInclude>
    <ClInclude Include="Source\Public\Weather\WeatherSystem.h">
      <Filter>Header Files</Filter>
    </ClInclude>
    <ClInclude Include="Source\Public\Weather\Lightning.h">
      <Filter>Header Files</Filter>
    </ClInclude>
    <ClInclude Include="Source\Public\Objects\GameObject.h">
      <Filter>Header Files</Filter>
    </ClInclude>
    <ClInclude Include="Source\Public\Camera\Camera2D.h">
      <Filter>Header Files</Filter>
    </ClInclude>
    <ClInclude Include="Source\Public\Utils\ReadIni.h">
      <Filter>Header Files</Filter>
    </ClInclude>
    <ClInclude Include="Source\Public\Utils\Conversion.h">
      <Filter>Header Files</Filter>
    </ClInclude>
    <ClInclude Include="Source\Public\Lights\LightSystem.h">
      <Filter>Header Files</Filter>
    </ClInclude>
    <ClInclude Include="Source\Public\Actors\Actor.h">
      <Filter>Header Files</Filter>
    </ClInclude>
    <ClInclude Include="Dependencies\Aurora\doc\Documentation.hpp">
      <Filter>Header Files</Filter>
    </ClInclude>
    <ClInclude Include="Dependencies\Aurora\include\Aurora\Dispatch\DispatchTraits.hpp">
      <Filter>Header Files</Filter>
    </ClInclude>
    <ClInclude Include="Dependencies\Aurora\include\Aurora\Dispatch\DoubleDispatcher.hpp">
      <Filter>Header Files</Filter>
    </ClInclude>
    <ClInclude Include="Dependencies\Aurora\include\Aurora\Dispatch\SingleDispatcher.hpp">
      <Filter>Header Files</Filter>
    </ClInclude>
    <ClInclude Include="Dependencies\Aurora\include\Aurora\Meta\Preprocessor.hpp">
      <Filter>Header Files</Filter>
    </ClInclude>
    <ClInclude Include="Dependencies\Aurora\include\Aurora\Meta\Templates.hpp">
      <Filter>Header Files</Filter>
    </ClInclude>
    <ClInclude Include="Dependencies\Aurora\include\Aurora\Meta\Tuple.hpp">
      <Filter>Header Files</Filter>
    </ClInclude>
    <ClInclude Include="Dependencies\Aurora\include\Aurora\Meta\Variadic.hpp">
      <Filter>Header Files</Filter>
    </ClInclude>
    <ClInclude Include="Dependencies\Aurora\include\Aurora\SmartPtr\Detail\Factories.hpp">
      <Filter>Header Files</Filter>
    </ClInclude>
    <ClInclude Include="Dependencies\Aurora\include\Aurora\SmartPtr\Detail\PtrOwner.hpp">
      <Filter>Header Files</Filter>
    </ClInclude>
    <ClInclude Include="Dependencies\Aurora\include\Aurora\SmartPtr\ClonersAndDeleters.hpp">
      <Filter>Header Files</Filter>
    </ClInclude>
    <ClInclude Include="Dependencies\Aurora\include\Aurora\SmartPtr\CopiedPtr.hpp">
      <Filter>Header Files</Filter>
    </ClInclude>
    <ClInclude Include="Dependencies\Aurora\include\Aurora\SmartPtr\MakeUnique.hpp">
      <Filter>Header Files</Filter>
    </ClInclude>
    <ClInclude Include="Dependencies\Aurora\include\Aurora\Tools\Algorithms.hpp">
      <Filter>Header Files</Filter>
    </ClInclude>
    <ClInclude Include="Dependencies\Aurora\include\Aurora\Tools\Any.hpp">
      <Filter>Header Files</Filter>
    </ClInclude>
    <ClInclude Include="Dependencies\Aurora\include\Aurora\Tools\Downcast.hpp">
      <Filter>Header Files</Filter>
    </ClInclude>
    <ClInclude Include="Dependencies\Aurora\include\Aurora\Tools\Exceptions.hpp">
      <Filter>Header Files</Filter>
    </ClInclude>
    <ClInclude Include="Dependencies\Aurora\include\Aurora\Tools\ForEach.hpp">
      <Filter>Header Files</Filter>
    </ClInclude>
    <ClInclude Include="Dependencies\Aurora\include\Aurora\Tools\Hash.hpp">
      <Filter>Header Files</Filter>
    </ClInclude>
    <ClInclude Include="Dependencies\Aurora\include\Aurora\Tools\NamedTuple.hpp">
      <Filter>Header Files</Filter>
    </ClInclude>
    <ClInclude Include="Dependencies\Aurora\include\Aurora\Tools\NonCopyable.hpp">
      <Filter>Header Files</Filter>
    </ClInclude>
    <ClInclude Include="Dependencies\Aurora\include\Aurora\Tools\Optional.hpp">
      <Filter>Header Files</Filter>
    </ClInclude>
    <ClInclude Include="Dependencies\Aurora\include\Aurora\Tools\PImpl.hpp">
      <Filter>Header Files</Filter>
    </ClInclude>
    <ClInclude Include="Dependencies\Aurora\include\Aurora\Tools\SafeBool.hpp">
      <Filter>Header Files</Filter>
    </ClInclude>
    <ClInclude Include="Dependencies\Aurora\include\Aurora\Tools\Swap.hpp">
      <Filter>Header Files</Filter>
    </ClInclude>
    <ClInclude Include="Dependencies\Aurora\include\Aurora\Tools\Typeid.hpp">
      <Filter>Header Files</Filter>
    </ClInclude>
    <ClInclude Include="Dependencies\Aurora\include\Aurora\Config.hpp">
      <Filter>Header Files</Filter>
    </ClInclude>
    <ClInclude Include="Dependencies\Aurora\include\Aurora\Dispatch.hpp">
      <Filter>Header Files</Filter>
    </ClInclude>
    <ClInclude Include="Dependencies\Aurora\include\Aurora\Meta.hpp">
      <Filter>Header Files</Filter>
    </ClInclude>
    <ClInclude Include="Dependencies\Aurora\include\Aurora\SmartPtr.hpp">
      <Filter>Header Files</Filter>
    </ClInclude>
    <ClInclude Include="Dependencies\Aurora\include\Aurora\Tools.hpp">
      <Filter>Header Files</Filter>
    </ClInclude>
    <ClInclude Include="Dependencies\Catch\external\clara.h">
      <Filter>Header Files</Filter>
    </ClInclude>
    <ClInclude Include="Dependencies\Catch\external\tbc_text_format.h">
      <Filter>Header Files</Filter>
    </ClInclude>
    <ClInclude Include="Dependencies\Catch\internal\catch_approx.hpp">
      <Filter>Header Files</Filter>
    </ClInclude>
    <ClInclude Include="Dependencies\Catch\internal\catch_assertionresult.h">
      <Filter>Header Files</Filter>
    </ClInclude>
    <ClInclude Include="Dependencies\Catch\internal\catch_assertionresult.hpp">
      <Filter>Header Files</Filter>
    </ClInclude>
    <ClInclude Include="Dependencies\Catch\internal\catch_capture.hpp">
      <Filter>Header Files</Filter>
    </ClInclude>
    <ClInclude Include="Dependencies\Catch\internal\catch_clara.h">
      <Filter>Header Files</Filter>
    </ClInclude>
    <ClInclude Include="Dependencies\Catch\internal\catch_commandline.hpp">
      <Filter>Header Files</Filter>
    </ClInclude>
    <ClInclude Include="Dependencies\Catch\internal\catch_common.h">
      <Filter>Header Files</Filter>
    </ClInclude>
    <ClInclude Include="Dependencies\Catch\internal\catch_common.hpp">
      <Filter>Header Files</Filter>
    </ClInclude>
    <ClInclude Include="Dependencies\Catch\internal\catch_compiler_capabilities.h">
      <Filter>Header Files</Filter>
    </ClInclude>
    <ClInclude Include="Dependencies\Catch\internal\catch_config.hpp">
      <Filter>Header Files</Filter>
    </ClInclude>
    <ClInclude Include="Dependencies\Catch\internal\catch_console_colour.hpp">
      <Filter>Header Files</Filter>
    </ClInclude>
    <ClInclude Include="Dependencies\Catch\internal\catch_console_colour_impl.hpp">
      <Filter>Header Files</Filter>
    </ClInclude>
    <ClInclude Include="Dependencies\Catch\internal\catch_context.h">
      <Filter>Header Files</Filter>
    </ClInclude>
    <ClInclude Include="Dependencies\Catch\internal\catch_context_impl.hpp">
      <Filter>Header Files</Filter>
    </ClInclude>
    <ClInclude Include="Dependencies\Catch\internal\catch_debugger.h">
      <Filter>Header Files</Filter>
    </ClInclude>
    <ClInclude Include="Dependencies\Catch\internal\catch_debugger.hpp">
      <Filter>Header Files</Filter>
    </ClInclude>
    <ClInclude Include="Dependencies\Catch\internal\catch_default_main.hpp">
      <Filter>Header Files</Filter>
    </ClInclude>
    <ClInclude Include="Dependencies\Catch\internal\catch_errno_guard.hpp">
      <Filter>Header Files</Filter>
    </ClInclude>
    <ClInclude Include="Dependencies\Catch\internal\catch_evaluate.hpp">
      <Filter>Header Files</Filter>
    </ClInclude>
    <ClInclude Include="Dependencies\Catch\internal\catch_exception_translator_registry.hpp">
      <Filter>Header Files</Filter>
    </ClInclude>
    <ClInclude Include="Dependencies\Catch\internal\catch_expression_lhs.hpp">
      <Filter>Header Files</Filter>
    </ClInclude>
    <ClInclude Include="Dependencies\Catch\internal\catch_fatal_condition.hpp">
      <Filter>Header Files</Filter>
    </ClInclude>
    <ClInclude Include="Dependencies\Catch\internal\catch_generators.hpp">
      <Filter>Header Files</Filter>
    </ClInclude>
    <ClInclude Include="Dependencies\Catch\internal\catch_generators_impl.hpp">
      <Filter>Header Files</Filter>
    </ClInclude>
    <ClInclude Include="Dependencies\Catch\internal\catch_impl.hpp">
      <Filter>Header Files</Filter>
    </ClInclude>
    <ClInclude Include="Dependencies\Catch\internal\catch_interfaces_capture.h">
      <Filter>Header Files</Filter>
    </ClInclude>
    <ClInclude Include="Dependencies\Catch\internal\catch_interfaces_config.h">
      <Filter>Header Files</Filter>
    </ClInclude>
    <ClInclude Include="Dependencies\Catch\internal\catch_interfaces_exception.h">
      <Filter>Header Files</Filter>
    </ClInclude>
    <ClInclude Include="Dependencies\Catch\internal\catch_interfaces_generators.h">
      <Filter>Header Files</Filter>
    </ClInclude>
    <ClInclude Include="Dependencies\Catch\internal\catch_interfaces_registry_hub.h">
      <Filter>Header Files</Filter>
    </ClInclude>
    <ClInclude Include="Dependencies\Catch\internal\catch_interfaces_reporter.h">
      <Filter>Header Files</Filter>
    </ClInclude>
    <ClInclude Include="Dependencies\Catch\internal\catch_interfaces_runner.h">
      <Filter>Header Files</Filter>
    </ClInclude>
    <ClInclude Include="Dependencies\Catch\internal\catch_interfaces_tag_alias_registry.h">
      <Filter>Header Files</Filter>
    </ClInclude>
    <ClInclude Include="Dependencies\Catch\internal\catch_interfaces_testcase.h">
      <Filter>Header Files</Filter>
    </ClInclude>
    <ClInclude Include="Dependencies\Catch\internal\catch_legacy_reporter_adapter.h">
      <Filter>Header Files</Filter>
    </ClInclude>
    <ClInclude Include="Dependencies\Catch\internal\catch_legacy_reporter_adapter.hpp">
      <Filter>Header Files</Filter>
    </ClInclude>
    <ClInclude Include="Dependencies\Catch\internal\catch_list.hpp">
      <Filter>Header Files</Filter>
    </ClInclude>
    <ClInclude Include="Dependencies\Catch\internal\catch_matchers.hpp">
      <Filter>Header Files</Filter>
    </ClInclude>
    <ClInclude Include="Dependencies\Catch\internal\catch_matchers_string.h">
      <Filter>Header Files</Filter>
    </ClInclude>
    <ClInclude Include="Dependencies\Catch\internal\catch_matchers_string.hpp">
      <Filter>Header Files</Filter>
    </ClInclude>
    <ClInclude Include="Dependencies\Catch\internal\catch_matchers_vector.h">
      <Filter>Header Files</Filter>
    </ClInclude>
    <ClInclude Include="Dependencies\Catch\internal\catch_message.h">
      <Filter>Header Files</Filter>
    </ClInclude>
    <ClInclude Include="Dependencies\Catch\internal\catch_message.hpp">
      <Filter>Header Files</Filter>
    </ClInclude>
    <ClInclude Include="Dependencies\Catch\internal\catch_notimplemented_exception.h">
      <Filter>Header Files</Filter>
    </ClInclude>
    <ClInclude Include="Dependencies\Catch\internal\catch_notimplemented_exception.hpp">
      <Filter>Header Files</Filter>
    </ClInclude>
    <ClInclude Include="Dependencies\Catch\internal\catch_objc.hpp">
      <Filter>Header Files</Filter>
    </ClInclude>
    <ClInclude Include="Dependencies\Catch\internal\catch_objc_arc.hpp">
      <Filter>Header Files</Filter>
    </ClInclude>
    <ClInclude Include="Dependencies\Catch\internal\catch_option.hpp">
      <Filter>Header Files</Filter>
    </ClInclude>
    <ClInclude Include="Dependencies\Catch\internal\catch_platform.h">
      <Filter>Header Files</Filter>
    </ClInclude>
    <ClInclude Include="Dependencies\Catch\internal\catch_ptr.hpp">
      <Filter>Header Files</Filter>
    </ClInclude>
    <ClInclude Include="Dependencies\Catch\internal\catch_reenable_warnings.h">
      <Filter>Header Files</Filter>
    </ClInclude>
    <ClInclude Include="Dependencies\Catch\internal\catch_registry_hub.hpp">
      <Filter>Header Files</Filter>
    </ClInclude>
    <ClInclude Include="Dependencies\Catch\internal\catch_reporter_registrars.hpp">
      <Filter>Header Files</Filter>
    </ClInclude>
    <ClInclude Include="Dependencies\Catch\internal\catch_reporter_registry.hpp">
      <Filter>Header Files</Filter>
    </ClInclude>
    <ClInclude Include="Dependencies\Catch\internal\catch_result_builder.h">
      <Filter>Header Files</Filter>
    </ClInclude>
    <ClInclude Include="Dependencies\Catch\internal\catch_result_builder.hpp">
      <Filter>Header Files</Filter>
    </ClInclude>
    <ClInclude Include="Dependencies\Catch\internal\catch_result_type.h">
      <Filter>Header Files</Filter>
    </ClInclude>
    <ClInclude Include="Dependencies\Catch\internal\catch_run_context.hpp">
      <Filter>Header Files</Filter>
    </ClInclude>
    <ClInclude Include="Dependencies\Catch\internal\catch_section.h">
      <Filter>Header Files</Filter>
    </ClInclude>
    <ClInclude Include="Dependencies\Catch\internal\catch_section.hpp">
      <Filter>Header Files</Filter>
    </ClInclude>
    <ClInclude Include="Dependencies\Catch\internal\catch_section_info.h">
      <Filter>Header Files</Filter>
    </ClInclude>
    <ClInclude Include="Dependencies\Catch\internal\catch_section_info.hpp">
      <Filter>Header Files</Filter>
    </ClInclude>
    <ClInclude Include="Dependencies\Catch\internal\catch_stream.h">
      <Filter>Header Files</Filter>
    </ClInclude>
    <ClInclude Include="Dependencies\Catch\internal\catch_stream.hpp">
      <Filter>Header Files</Filter>
    </ClInclude>
    <ClInclude Include="Dependencies\Catch\internal\catch_streambuf.h">
      <Filter>Header Files</Filter>
    </ClInclude>
    <ClInclude Include="Dependencies\Catch\internal\catch_suppress_warnings.h">
      <Filter>Header Files</Filter>
    </ClInclude>
    <ClInclude Include="Dependencies\Catch\internal\catch_tag_alias.h">
      <Filter>Header Files</Filter>
    </ClInclude>
    <ClInclude Include="Dependencies\Catch\internal\catch_tag_alias_registry.h">
      <Filter>Header Files</Filter>
    </ClInclude>
    <ClInclude Include="Dependencies\Catch\internal\catch_tag_alias_registry.hpp">
      <Filter>Header Files</Filter>
    </ClInclude>
    <ClInclude Include="Dependencies\Catch\internal\catch_test_case_info.h">
      <Filter>Header Files</Filter>
    </ClInclude>
    <ClInclude Include="Dependencies\Catch\internal\catch_test_case_info.hpp">
      <Filter>Header Files</Filter>
    </ClInclude>
    <ClInclude Include="Dependencies\Catch\internal\catch_test_case_registry_impl.hpp">
      <Filter>Header Files</Filter>
    </ClInclude>
    <ClInclude Include="Dependencies\Catch\internal\catch_test_case_tracker.hpp">
      <Filter>Header Files</Filter>
    </ClInclude>
    <ClInclude Include="Dependencies\Catch\internal\catch_test_registry.hpp">
      <Filter>Header Files</Filter>
    </ClInclude>
    <ClInclude Include="Dependencies\Catch\internal\catch_test_spec.hpp">
      <Filter>Header Files</Filter>
    </ClInclude>
    <ClInclude Include="Dependencies\Catch\internal\catch_test_spec_parser.hpp">
      <Filter>Header Files</Filter>
    </ClInclude>
    <ClInclude Include="Dependencies\Catch\internal\catch_text.h">
      <Filter>Header Files</Filter>
    </ClInclude>
    <ClInclude Include="Dependencies\Catch\internal\catch_timer.h">
      <Filter>Header Files</Filter>
    </ClInclude>
    <ClInclude Include="Dependencies\Catch\internal\catch_timer.hpp">
      <Filter>Header Files</Filter>
    </ClInclude>
    <ClInclude Include="Dependencies\Catch\internal\catch_tostring.h">
      <Filter>Header Files</Filter>
    </ClInclude>
    <ClInclude Include="Dependencies\Catch\internal\catch_tostring.hpp">
      <Filter>Header Files</Filter>
    </ClInclude>
    <ClInclude Include="Dependencies\Catch\internal\catch_totals.hpp">
      <Filter>Header Files</Filter>
    </ClInclude>
    <ClInclude Include="Dependencies\Catch\internal\catch_type_traits.hpp">
      <Filter>Header Files</Filter>
    </ClInclude>
    <ClInclude Include="Dependencies\Catch\internal\catch_version.h">
      <Filter>Header Files</Filter>
    </ClInclude>
    <ClInclude Include="Dependencies\Catch\internal\catch_version.hpp">
      <Filter>Header Files</Filter>
    </ClInclude>
    <ClInclude Include="Dependencies\Catch\internal\catch_wildcard_pattern.hpp">
      <Filter>Header Files</Filter>
    </ClInclude>
    <ClInclude Include="Dependencies\Catch\internal\catch_windows_h_proxy.h">
      <Filter>Header Files</Filter>
    </ClInclude>
    <ClInclude Include="Dependencies\Catch\internal\catch_xmlwriter.hpp">
      <Filter>Header Files</Filter>
    </ClInclude>
    <ClInclude Include="Dependencies\Catch\reporters\catch_reporter_automake.hpp">
      <Filter>Header Files</Filter>
    </ClInclude>
    <ClInclude Include="Dependencies\Catch\reporters\catch_reporter_bases.hpp">
      <Filter>Header Files</Filter>
    </ClInclude>
    <ClInclude Include="Dependencies\Catch\reporters\catch_reporter_compact.hpp">
      <Filter>Header Files</Filter>
    </ClInclude>
    <ClInclude Include="Dependencies\Catch\reporters\catch_reporter_console.hpp">
      <Filter>Header Files</Filter>
    </ClInclude>
    <ClInclude Include="Dependencies\Catch\reporters\catch_reporter_junit.hpp">
      <Filter>Header Files</Filter>
    </ClInclude>
    <ClInclude Include="Dependencies\Catch\reporters\catch_reporter_multi.hpp">
      <Filter>Header Files</Filter>
    </ClInclude>
    <ClInclude Include="Dependencies\Catch\reporters\catch_reporter_tap.hpp">
      <Filter>Header Files</Filter>
    </ClInclude>
    <ClInclude Include="Dependencies\Catch\reporters\catch_reporter_teamcity.hpp">
      <Filter>Header Files</Filter>
    </ClInclude>
    <ClInclude Include="Dependencies\Catch\reporters\catch_reporter_xml.hpp">
      <Filter>Header Files</Filter>
    </ClInclude>
    <ClInclude Include="Dependencies\Catch\catch.hpp">
      <Filter>Header Files</Filter>
    </ClInclude>
    <ClInclude Include="Dependencies\Catch\catch_session.hpp">
      <Filter>Header Files</Filter>
    </ClInclude>
    <ClInclude Include="Dependencies\Catch\catch_with_main.hpp">
      <Filter>Header Files</Filter>
    </ClInclude>
    <ClInclude Include="Dependencies\cereal\archives\adapters.hpp">
      <Filter>Header Files</Filter>
    </ClInclude>
    <ClInclude Include="Dependencies\cereal\archives\binary.hpp">
      <Filter>Header Files</Filter>
    </ClInclude>
    <ClInclude Include="Dependencies\cereal\archives\json.hpp">
      <Filter>Header Files</Filter>
    </ClInclude>
    <ClInclude Include="Dependencies\cereal\archives\portable_binary.hpp">
      <Filter>Header Files</Filter>
    </ClInclude>
    <ClInclude Include="Dependencies\cereal\archives\xml.hpp">
      <Filter>Header Files</Filter>
    </ClInclude>
    <ClInclude Include="Dependencies\cereal\details\helpers.hpp">
      <Filter>Header Files</Filter>
    </ClInclude>
    <ClInclude Include="Dependencies\cereal\details\polymorphic_impl.hpp">
      <Filter>Header Files</Filter>
    </ClInclude>
    <ClInclude Include="Dependencies\cereal\details\polymorphic_impl_fwd.hpp">
      <Filter>Header Files</Filter>
    </ClInclude>
    <ClInclude Include="Dependencies\cereal\details\static_object.hpp">
      <Filter>Header Files</Filter>
    </ClInclude>
    <ClInclude Include="Dependencies\cereal\details\traits.hpp">
      <Filter>Header Files</Filter>
    </ClInclude>
    <ClInclude Include="Dependencies\cereal\details\util.hpp">
      <Filter>Header Files</Filter>
    </ClInclude>
    <ClInclude Include="Dependencies\cereal\external\rapidjson\error\en.h">
      <Filter>Header Files</Filter>
    </ClInclude>
    <ClInclude Include="Dependencies\cereal\external\rapidjson\error\error.h">
      <Filter>Header Files</Filter>
    </ClInclude>
    <ClInclude Include="Dependencies\cereal\external\rapidjson\internal\biginteger.h">
      <Filter>Header Files</Filter>
    </ClInclude>
    <ClInclude Include="Dependencies\cereal\external\rapidjson\internal\diyfp.h">
      <Filter>Header Files</Filter>
    </ClInclude>
    <ClInclude Include="Dependencies\cereal\external\rapidjson\internal\dtoa.h">
      <Filter>Header Files</Filter>
    </ClInclude>
    <ClInclude Include="Dependencies\cereal\external\rapidjson\internal\ieee754.h">
      <Filter>Header Files</Filter>
    </ClInclude>
    <ClInclude Include="Dependencies\cereal\external\rapidjson\internal\itoa.h">
      <Filter>Header Files</Filter>
    </ClInclude>
    <ClInclude Include="Dependencies\cereal\external\rapidjson\internal\meta.h">
      <Filter>Header Files</Filter>
    </ClInclude>
    <ClInclude Include="Dependencies\cereal\external\rapidjson\internal\pow10.h">
      <Filter>Header Files</Filter>
    </ClInclude>
    <ClInclude Include="Dependencies\cereal\external\rapidjson\internal\regex.h">
      <Filter>Header Files</Filter>
    </ClInclude>
    <ClInclude Include="Dependencies\cereal\external\rapidjson\internal\stack.h">
      <Filter>Header Files</Filter>
    </ClInclude>
    <ClInclude Include="Dependencies\cereal\external\rapidjson\internal\strfunc.h">
      <Filter>Header Files</Filter>
    </ClInclude>
    <ClInclude Include="Dependencies\cereal\external\rapidjson\internal\strtod.h">
      <Filter>Header Files</Filter>
    </ClInclude>
    <ClInclude Include="Dependencies\cereal\external\rapidjson\internal\swap.h">
      <Filter>Header Files</Filter>
    </ClInclude>
    <ClInclude Include="Dependencies\cereal\external\rapidjson\msinttypes\inttypes.h">
      <Filter>Header Files</Filter>
    </ClInclude>
    <ClInclude Include="Dependencies\cereal\external\rapidjson\msinttypes\stdint.h">
      <Filter>Header Files</Filter>
    </ClInclude>
    <ClInclude Include="Dependencies\cereal\external\rapidjson\allocators.h">
      <Filter>Header Files</Filter>
    </ClInclude>
    <ClInclude Include="Dependencies\cereal\external\rapidjson\document.h">
      <Filter>Header Files</Filter>
    </ClInclude>
    <ClInclude Include="Dependencies\cereal\external\rapidjson\encodedstream.h">
      <Filter>Header Files</Filter>
    </ClInclude>
    <ClInclude Include="Dependencies\cereal\external\rapidjson\encodings.h">
      <Filter>Header Files</Filter>
    </ClInclude>
    <ClInclude Include="Dependencies\cereal\external\rapidjson\filereadstream.h">
      <Filter>Header Files</Filter>
    </ClInclude>
    <ClInclude Include="Dependencies\cereal\external\rapidjson\filewritestream.h">
      <Filter>Header Files</Filter>
    </ClInclude>
    <ClInclude Include="Dependencies\cereal\external\rapidjson\fwd.h">
      <Filter>Header Files</Filter>
    </ClInclude>
    <ClInclude Include="Dependencies\cereal\external\rapidjson\istreamwrapper.h">
      <Filter>Header Files</Filter>
    </ClInclude>
    <ClInclude Include="Dependencies\cereal\external\rapidjson\memorybuffer.h">
      <Filter>Header Files</Filter>
    </ClInclude>
    <ClInclude Include="Dependencies\cereal\external\rapidjson\memorystream.h">
      <Filter>Header Files</Filter>
    </ClInclude>
    <ClInclude Include="Dependencies\cereal\external\rapidjson\ostreamwrapper.h">
      <Filter>Header Files</Filter>
    </ClInclude>
    <ClInclude Include="Dependencies\cereal\external\rapidjson\pointer.h">
      <Filter>Header Files</Filter>
    </ClInclude>
    <ClInclude Include="Dependencies\cereal\external\rapidjson\prettywriter.h">
      <Filter>Header Files</Filter>
    </ClInclude>
    <ClInclude Include="Dependencies\cereal\external\rapidjson\rapidjson.h">
      <Filter>Header Files</Filter>
    </ClInclude>
    <ClInclude Include="Dependencies\cereal\external\rapidjson\reader.h">
      <Filter>Header Files</Filter>
    </ClInclude>
    <ClInclude Include="Dependencies\cereal\external\rapidjson\schema.h">
      <Filter>Header Files</Filter>
    </ClInclude>
    <ClInclude Include="Dependencies\cereal\external\rapidjson\stream.h">
      <Filter>Header Files</Filter>
    </ClInclude>
    <ClInclude Include="Dependencies\cereal\external\rapidjson\stringbuffer.h">
      <Filter>Header Files</Filter>
    </ClInclude>
    <ClInclude Include="Dependencies\cereal\external\rapidjson\writer.h">
      <Filter>Header Files</Filter>
    </ClInclude>
    <ClInclude Include="Dependencies\cereal\external\rapidxml\rapidxml.hpp">
      <Filter>Header Files</Filter>
    </ClInclude>
    <ClInclude Include="Dependencies\cereal\external\rapidxml\rapidxml_iterators.hpp">
      <Filter>Header Files</Filter>
    </ClInclude>
    <ClInclude Include="Dependencies\cereal\external\rapidxml\rapidxml_print.hpp">
      <Filter>Header Files</Filter>
    </ClInclude>
    <ClInclude Include="Dependencies\cereal\external\rapidxml\rapidxml_utils.hpp">
      <Filter>Header Files</Filter>
    </ClInclude>
    <ClInclude Include="Dependencies\cereal\external\base64.hpp">
      <Filter>Header Files</Filter>
    </ClInclude>
    <ClInclude Include="Dependencies\cereal\types\concepts\pair_associative_container.hpp">
      <Filter>Header Files</Filter>
    </ClInclude>
    <ClInclude Include="Dependencies\cereal\types\array.hpp">
      <Filter>Header Files</Filter>
    </ClInclude>
    <ClInclude Include="Dependencies\cereal\types\base_class.hpp">
      <Filter>Header Files</Filter>
    </ClInclude>
    <ClInclude Include="Dependencies\cereal\types\bitset.hpp">
      <Filter>Header Files</Filter>
    </ClInclude>
    <ClInclude Include="Dependencies\cereal\types\boost_variant.hpp">
      <Filter>Header Files</Filter>
    </ClInclude>
    <ClInclude Include="Dependencies\cereal\types\chrono.hpp">
      <Filter>Header Files</Filter>
    </ClInclude>
    <ClInclude Include="Dependencies\cereal\types\common.hpp">
      <Filter>Header Files</Filter>
    </ClInclude>
    <ClInclude Include="Dependencies\cereal\types\complex.hpp">
      <Filter>Header Files</Filter>
    </ClInclude>
    <ClInclude Include="Dependencies\cereal\types\deque.hpp">
      <Filter>Header Files</Filter>
    </ClInclude>
    <ClInclude Include="Dependencies\cereal\types\forward_list.hpp">
      <Filter>Header Files</Filter>
    </ClInclude>
    <ClInclude Include="Dependencies\cereal\types\functional.hpp">
      <Filter>Header Files</Filter>
    </ClInclude>
    <ClInclude Include="Dependencies\cereal\types\list.hpp">
      <Filter>Header Files</Filter>
    </ClInclude>
    <ClInclude Include="Dependencies\cereal\types\map.hpp">
      <Filter>Header Files</Filter>
    </ClInclude>
    <ClInclude Include="Dependencies\cereal\types\memory.hpp">
      <Filter>Header Files</Filter>
    </ClInclude>
    <ClInclude Include="Dependencies\cereal\types\polymorphic.hpp">
      <Filter>Header Files</Filter>
    </ClInclude>
    <ClInclude Include="Dependencies\cereal\types\queue.hpp">
      <Filter>Header Files</Filter>
    </ClInclude>
    <ClInclude Include="Dependencies\cereal\types\set.hpp">
      <Filter>Header Files</Filter>
    </ClInclude>
    <ClInclude Include="Dependencies\cereal\types\stack.hpp">
      <Filter>Header Files</Filter>
    </ClInclude>
    <ClInclude Include="Dependencies\cereal\types\string.hpp">
      <Filter>Header Files</Filter>
    </ClInclude>
    <ClInclude Include="Dependencies\cereal\types\tuple.hpp">
      <Filter>Header Files</Filter>
    </ClInclude>
    <ClInclude Include="Dependencies\cereal\types\unordered_map.hpp">
      <Filter>Header Files</Filter>
    </ClInclude>
    <ClInclude Include="Dependencies\cereal\types\unordered_set.hpp">
      <Filter>Header Files</Filter>
    </ClInclude>
    <ClInclude Include="Dependencies\cereal\types\utility.hpp">
      <Filter>Header Files</Filter>
    </ClInclude>
    <ClInclude Include="Dependencies\cereal\types\valarray.hpp">
      <Filter>Header Files</Filter>
    </ClInclude>
    <ClInclude Include="Dependencies\cereal\types\vector.hpp">
      <Filter>Header Files</Filter>
    </ClInclude>
    <ClInclude Include="Dependencies\cereal\access.hpp">
      <Filter>Header Files</Filter>
    </ClInclude>
    <ClInclude Include="Dependencies\cereal\cereal.hpp">
      <Filter>Header Files</Filter>
    </ClInclude>
    <ClInclude Include="Dependencies\cereal\macros.hpp">
      <Filter>Header Files</Filter>
    </ClInclude>
    <ClInclude Include="Dependencies\chaiscript\dispatchkit\any.hpp">
      <Filter>Header Files</Filter>
    </ClInclude>
    <ClInclude Include="Dependencies\chaiscript\dispatchkit\bad_boxed_cast.hpp">
      <Filter>Header Files</Filter>
    </ClInclude>
    <ClInclude Include="Dependencies\chaiscript\dispatchkit\bind_first.hpp">
      <Filter>Header Files</Filter>
    </ClInclude>
    <ClInclude Include="Dependencies\chaiscript\dispatchkit\bootstrap.hpp">
      <Filter>Header Files</Filter>
    </ClInclude>
    <ClInclude Include="Dependencies\chaiscript\dispatchkit\bootstrap_stl.hpp">
      <Filter>Header Files</Filter>
    </ClInclude>
    <ClInclude Include="Dependencies\chaiscript\dispatchkit\boxed_cast.hpp">
      <Filter>Header Files</Filter>
    </ClInclude>
    <ClInclude Include="Dependencies\chaiscript\dispatchkit\boxed_cast_helper.hpp">
      <Filter>Header Files</Filter>
    </ClInclude>
    <ClInclude Include="Dependencies\chaiscript\dispatchkit\boxed_number.hpp">
      <Filter>Header Files</Filter>
    </ClInclude>
    <ClInclude Include="Dependencies\chaiscript\dispatchkit\boxed_value.hpp">
      <Filter>Header Files</Filter>
    </ClInclude>
    <ClInclude Include="Dependencies\chaiscript\dispatchkit\callable_traits.hpp">
      <Filter>Header Files</Filter>
    </ClInclude>
    <ClInclude Include="Dependencies\chaiscript\dispatchkit\dispatchkit.hpp">
      <Filter>Header Files</Filter>
    </ClInclude>
    <ClInclude Include="Dependencies\chaiscript\dispatchkit\dynamic_object.hpp">
      <Filter>Header Files</Filter>
    </ClInclude>
    <ClInclude Include="Dependencies\chaiscript\dispatchkit\dynamic_object_detail.hpp">
      <Filter>Header Files</Filter>
    </ClInclude>
    <ClInclude Include="Dependencies\chaiscript\dispatchkit\exception_specification.hpp">
      <Filter>Header Files</Filter>
    </ClInclude>
    <ClInclude Include="Dependencies\chaiscript\dispatchkit\function_call.hpp">
      <Filter>Header Files</Filter>
    </ClInclude>
    <ClInclude Include="Dependencies\chaiscript\dispatchkit\function_call_detail.hpp">
      <Filter>Header Files</Filter>
    </ClInclude>
    <ClInclude Include="Dependencies\chaiscript\dispatchkit\handle_return.hpp">
      <Filter>Header Files</Filter>
    </ClInclude>
    <ClInclude Include="Dependencies\chaiscript\dispatchkit\operators.hpp">
      <Filter>Header Files</Filter>
    </ClInclude>
    <ClInclude Include="Dependencies\chaiscript\dispatchkit\proxy_constructors.hpp">
      <Filter>Header Files</Filter>
    </ClInclude>
    <ClInclude Include="Dependencies\chaiscript\dispatchkit\proxy_functions.hpp">
      <Filter>Header Files</Filter>
    </ClInclude>
    <ClInclude Include="Dependencies\chaiscript\dispatchkit\proxy_functions_detail.hpp">
      <Filter>Header Files</Filter>
    </ClInclude>
    <ClInclude Include="Dependencies\chaiscript\dispatchkit\register_function.hpp">
      <Filter>Header Files</Filter>
    </ClInclude>
    <ClInclude Include="Dependencies\chaiscript\dispatchkit\short_alloc.hpp">
      <Filter>Header Files</Filter>
    </ClInclude>
    <ClInclude Include="Dependencies\chaiscript\dispatchkit\type_conversions.hpp">
      <Filter>Header Files</Filter>
    </ClInclude>
    <ClInclude Include="Dependencies\chaiscript\dispatchkit\type_info.hpp">
      <Filter>Header Files</Filter>
    </ClInclude>
    <ClInclude Include="Dependencies\chaiscript\language\chaiscript_algebraic.hpp">
      <Filter>Header Files</Filter>
    </ClInclude>
    <ClInclude Include="Dependencies\chaiscript\language\chaiscript_common.hpp">
      <Filter>Header Files</Filter>
    </ClInclude>
    <ClInclude Include="Dependencies\chaiscript\language\chaiscript_engine.hpp">
      <Filter>Header Files</Filter>
    </ClInclude>
    <ClInclude Include="Dependencies\chaiscript\language\chaiscript_eval.hpp">
      <Filter>Header Files</Filter>
    </ClInclude>
    <ClInclude Include="Dependencies\chaiscript\language\chaiscript_optimizer.hpp">
      <Filter>Header Files</Filter>
    </ClInclude>
    <ClInclude Include="Dependencies\chaiscript\language\chaiscript_parser.hpp">
      <Filter>Header Files</Filter>
    </ClInclude>
    <ClInclude Include="Dependencies\chaiscript\language\chaiscript_posix.hpp">
      <Filter>Header Files</Filter>
    </ClInclude>
    <ClInclude Include="Dependencies\chaiscript\language\chaiscript_prelude.hpp">
      <Filter>Header Files</Filter>
    </ClInclude>
    <ClInclude Include="Dependencies\chaiscript\language\chaiscript_prelude_docs.hpp">
      <Filter>Header Files</Filter>
    </ClInclude>
    <ClInclude Include="Dependencies\chaiscript\language\chaiscript_tracer.hpp">
      <Filter>Header Files</Filter>
    </ClInclude>
    <ClInclude Include="Dependencies\chaiscript\language\chaiscript_unknown.hpp">
      <Filter>Header Files</Filter>
    </ClInclude>
    <ClInclude Include="Dependencies\chaiscript\language\chaiscript_windows.hpp">
      <Filter>Header Files</Filter>
    </ClInclude>
    <ClInclude Include="Dependencies\chaiscript\utility\fnv1a.hpp">
      <Filter>Header Files</Filter>
    </ClInclude>
    <ClInclude Include="Dependencies\chaiscript\utility\json.hpp">
      <Filter>Header Files</Filter>
    </ClInclude>
    <ClInclude Include="Dependencies\chaiscript\utility\json_wrap.hpp">
      <Filter>Header Files</Filter>
    </ClInclude>
    <ClInclude Include="Dependencies\chaiscript\utility\static_string.hpp">
      <Filter>Header Files</Filter>
    </ClInclude>
    <ClInclude Include="Dependencies\chaiscript\utility\utility.hpp">
      <Filter>Header Files</Filter>
    </ClInclude>
    <ClInclude Include="Dependencies\chaiscript\chaiscript.hpp">
      <Filter>Header Files</Filter>
    </ClInclude>
    <ClInclude Include="Dependencies\chaiscript\chaiscript_basic.hpp">
      <Filter>Header Files</Filter>
    </ClInclude>
    <ClInclude Include="Dependencies\chaiscript\chaiscript_defines.hpp">
      <Filter>Header Files</Filter>
    </ClInclude>
    <ClInclude Include="Dependencies\chaiscript\chaiscript_stdlib.hpp">
      <Filter>Header Files</Filter>
    </ClInclude>
    <ClInclude Include="Dependencies\chaiscript\chaiscript_threading.hpp">
      <Filter>Header Files</Filter>
    </ClInclude>
    <ClInclude Include="Dependencies\IMGUI\imconfig.h">
      <Filter>Header Files</Filter>
    </ClInclude>
    <ClInclude Include="Dependencies\IMGUI\imgui.h">
      <Filter>Header Files</Filter>
    </ClInclude>
    <ClInclude Include="Dependencies\IMGUI\imgui_internal.h">
      <Filter>Header Files</Filter>
    </ClInclude>
    <ClInclude Include="Dependencies\IMGUI\stb_rect_pack.h">
      <Filter>Header Files</Filter>
    </ClInclude>
    <ClInclude Include="Dependencies\IMGUI\stb_textedit.h">
      <Filter>Header Files</Filter>
    </ClInclude>
    <ClInclude Include="Dependencies\imgui-sfml\imconfig-SFML.h">
      <Filter>Header Files</Filter>
    </ClInclude>
    <ClInclude Include="Dependencies\imgui-sfml\imgui-SFML.h">
      <Filter>Header Files</Filter>
    </ClInclude>
    <ClInclude Include="Dependencies\jsoncpp\json.h">
      <Filter>Header Files</Filter>
    </ClInclude>
    <ClInclude Include="Dependencies\jsoncpp\json-forwards.h">
      <Filter>Header Files</Filter>
    </ClInclude>
    <ClInclude Include="Dependencies\Physics\arcSeg.h">
      <Filter>Header Files</Filter>
    </ClInclude>
    <ClInclude Include="Dependencies\Physics\ball.h">
      <Filter>Header Files</Filter>
    </ClInclude>
    <ClInclude Include="Dependencies\Physics\ball_go.h">
      <Filter>Header Files</Filter>
    </ClInclude>
    <ClInclude Include="Dependencies\Physics\block.h">
      <Filter>Header Files</Filter>
    </ClInclude>
    <ClInclude Include="Dependencies\Physics\common.h">
      <Filter>Header Files</Filter>
    </ClInclude>
    <ClInclude Include="Dependencies\Physics\decayPolygon.h">
      <Filter>Header Files</Filter>
    </ClInclude>
    <ClInclude Include="Dependencies\Physics\expandPolygon.h">
      <Filter>Header Files</Filter>
    </ClInclude>
    <ClInclude Include="Dependencies\Physics\lineBumper.h">
      <Filter>Header Files</Filter>
    </ClInclude>
    <ClInclude Include="Dependencies\Physics\lineSeg.h">
      <Filter>Header Files</Filter>
    </ClInclude>
    <ClInclude Include="Dependencies\Physics\lineSegConveyor.h">
      <Filter>Header Files</Filter>
    </ClInclude>
    <ClInclude Include="Dependencies\Physics\lineSegElevator.h">
      <Filter>Header Files</Filter>
    </ClInclude>
    <ClInclude Include="Dependencies\Physics\lineSegFlip.h">
      <Filter>Header Files</Filter>
    </ClInclude>
    <ClInclude Include="Dependencies\Physics\lineSegRotate.h">
      <Filter>Header Files</Filter>
    </ClInclude>
    <ClInclude Include="Dependencies\Physics\lineSegSwing.h">
      <Filter>Header Files</Filter>
    </ClInclude>
    <ClInclude Include="Dependencies\Physics\mvHit.h">
      <Filter>Header Files</Filter>
    </ClInclude>
    <ClInclude Include="Dependencies\Physics\pipeSeg.h">
      <Filter>Header Files</Filter>
    </ClInclude>
    <ClInclude Include="Dependencies\Physics\polyHitFuncs.h">
      <Filter>Header Files</Filter>
    </ClInclude>
    <ClInclude Include="Dependencies\Physics\rec.h">
      <Filter>Header Files</Filter>
    </ClInclude>
    <ClInclude Include="Dependencies\Physics\regPolygon.h">
      <Filter>Header Files</Filter>
    </ClInclude>
    <ClInclude Include="Dependencies\Physics\segHit.h">
      <Filter>Header Files</Filter>
    </ClInclude>
    <ClInclude Include="Dependencies\Physics\stateTypes.h">
      <Filter>Header Files</Filter>
    </ClInclude>
    <ClInclude Include="Dependencies\Physics\vec2d.h">
      <Filter>Header Files</Filter>
    </ClInclude>
    <ClInclude Include="Dependencies\Physics\waveSeg.h">
      <Filter>Header Files</Filter>
    </ClInclude>
    <ClInclude Include="Dependencies\rapidxml\rapidxml.hpp">
      <Filter>Header Files</Filter>
    </ClInclude>
    <ClInclude Include="Dependencies\rapidxml\rapidxml_iterators.hpp">
      <Filter>Header Files</Filter>
    </ClInclude>
    <ClInclude Include="Dependencies\rapidxml\rapidxml_print.hpp">
      <Filter>Header Files</Filter>
    </ClInclude>
    <ClInclude Include="Dependencies\rapidxml\rapidxml_utils.hpp">
      <Filter>Header Files</Filter>
    </ClInclude>
    <ClInclude Include="Dependencies\SelbaWard\BitmapFont.hpp">
      <Filter>Header Files</Filter>
    </ClInclude>
    <ClInclude Include="Dependencies\SelbaWard\BitmapText.hpp">
      <Filter>Header Files</Filter>
    </ClInclude>
    <ClInclude Include="Dependencies\SelbaWard\Common.hpp">
      <Filter>Header Files</Filter>
    </ClInclude>
    <ClInclude Include="Dependencies\SelbaWard\ConsoleScreen.hpp">
      <Filter>Header Files</Filter>
    </ClInclude>
    <ClInclude Include="Dependencies\SelbaWard\ConsoleScreenOld.hpp">
      <Filter>Header Files</Filter>
    </ClInclude>
    <ClInclude Include="Dependencies\SelbaWard\Crosshair.hpp">
      <Filter>Header Files</Filter>
    </ClInclude>
    <ClInclude Include="Dependencies\SelbaWard\Exception.hpp">
      <Filter>Header Files</Filter>
    </ClInclude>
    <ClInclude Include="Dependencies\SelbaWard\GallerySprite.hpp">
      <Filter>Header Files</Filter>
    </ClInclude>
    <ClInclude Include="Dependencies\SelbaWard\Line.hpp">
      <Filter>Header Files</Filter>
    </ClInclude>
    <ClInclude Include="Dependencies\SelbaWard\NinePatch.hpp">
      <Filter>Header Files</Filter>
    </ClInclude>
    <ClInclude Include="Dependencies\SelbaWard\PaletteEnums.hpp">
      <Filter>Header Files</Filter>
    </ClInclude>
    <ClInclude Include="Dependencies\SelbaWard\PieChart.hpp">
      <Filter>Header Files</Filter>
    </ClInclude>
    <ClInclude Include="Dependencies\SelbaWard\ProgressBar.hpp">
      <Filter>Header Files</Filter>
    </ClInclude>
    <ClInclude Include="Dependencies\SelbaWard\Ring.hpp">
      <Filter>Header Files</Filter>
    </ClInclude>
    <ClInclude Include="Dependencies\SelbaWard\SpinningCard.hpp">
      <Filter>Header Files</Filter>
    </ClInclude>
    <ClInclude Include="Dependencies\SelbaWard\Spline.hpp">
      <Filter>Header Files</Filter>
    </ClInclude>
    <ClInclude Include="Dependencies\SelbaWard\Sprite3d.hpp">
      <Filter>Header Files</Filter>
    </ClInclude>
    <ClInclude Include="Dependencies\SelbaWard\Starfield.hpp">
      <Filter>Header Files</Filter>
    </ClInclude>
    <ClInclude Include="Dependencies\SelbaWard\TileMap.hpp">
      <Filter>Header Files</Filter>
    </ClInclude>
    <ClInclude Include="Dependencies\SFML\Audio\AlResource.hpp">
      <Filter>Header Files</Filter>
    </ClInclude>
    <ClInclude Include="Dependencies\SFML\Audio\Export.hpp">
      <Filter>Header Files</Filter>
    </ClInclude>
    <ClInclude Include="Dependencies\SFML\Audio\InputSoundFile.hpp">
      <Filter>Header Files</Filter>
    </ClInclude>
    <ClInclude Include="Dependencies\SFML\Audio\Listener.hpp">
      <Filter>Header Files</Filter>
    </ClInclude>
    <ClInclude Include="Dependencies\SFML\Audio\Music.hpp">
      <Filter>Header Files</Filter>
    </ClInclude>
    <ClInclude Include="Dependencies\SFML\Audio\OutputSoundFile.hpp">
      <Filter>Header Files</Filter>
    </ClInclude>
    <ClInclude Include="Dependencies\SFML\Audio\Sound.hpp">
      <Filter>Header Files</Filter>
    </ClInclude>
    <ClInclude Include="Dependencies\SFML\Audio\SoundBuffer.hpp">
      <Filter>Header Files</Filter>
    </ClInclude>
    <ClInclude Include="Dependencies\SFML\Audio\SoundBufferRecorder.hpp">
      <Filter>Header Files</Filter>
    </ClInclude>
    <ClInclude Include="Dependencies\SFML\Audio\SoundFileFactory.hpp">
      <Filter>Header Files</Filter>
    </ClInclude>
    <ClInclude Include="Dependencies\SFML\Audio\SoundFileReader.hpp">
      <Filter>Header Files</Filter>
    </ClInclude>
    <ClInclude Include="Dependencies\SFML\Audio\SoundFileWriter.hpp">
      <Filter>Header Files</Filter>
    </ClInclude>
    <ClInclude Include="Dependencies\SFML\Audio\SoundRecorder.hpp">
      <Filter>Header Files</Filter>
    </ClInclude>
    <ClInclude Include="Dependencies\SFML\Audio\SoundSource.hpp">
      <Filter>Header Files</Filter>
    </ClInclude>
    <ClInclude Include="Dependencies\SFML\Audio\SoundStream.hpp">
      <Filter>Header Files</Filter>
    </ClInclude>
    <ClInclude Include="Dependencies\SFML\Graphics\BlendMode.hpp">
      <Filter>Header Files</Filter>
    </ClInclude>
    <ClInclude Include="Dependencies\SFML\Graphics\CircleShape.hpp">
      <Filter>Header Files</Filter>
    </ClInclude>
    <ClInclude Include="Dependencies\SFML\Graphics\Color.hpp">
      <Filter>Header Files</Filter>
    </ClInclude>
    <ClInclude Include="Dependencies\SFML\Graphics\ConvexShape.hpp">
      <Filter>Header Files</Filter>
    </ClInclude>
    <ClInclude Include="Dependencies\SFML\Graphics\Drawable.hpp">
      <Filter>Header Files</Filter>
    </ClInclude>
    <ClInclude Include="Dependencies\SFML\Graphics\Export.hpp">
      <Filter>Header Files</Filter>
    </ClInclude>
    <ClInclude Include="Dependencies\SFML\Graphics\Font.hpp">
      <Filter>Header Files</Filter>
    </ClInclude>
    <ClInclude Include="Dependencies\SFML\Graphics\Glsl.hpp">
      <Filter>Header Files</Filter>
    </ClInclude>
    <ClInclude Include="Dependencies\SFML\Graphics\Glyph.hpp">
      <Filter>Header Files</Filter>
    </ClInclude>
    <ClInclude Include="Dependencies\SFML\Graphics\Image.hpp">
      <Filter>Header Files</Filter>
    </ClInclude>
    <ClInclude Include="Dependencies\SFML\Graphics\PrimitiveType.hpp">
      <Filter>Header Files</Filter>
    </ClInclude>
    <ClInclude Include="Dependencies\SFML\Graphics\Rect.hpp">
      <Filter>Header Files</Filter>
    </ClInclude>
    <ClInclude Include="Dependencies\SFML\Graphics\RectangleShape.hpp">
      <Filter>Header Files</Filter>
    </ClInclude>
    <ClInclude Include="Dependencies\SFML\Graphics\RenderStates.hpp">
      <Filter>Header Files</Filter>
    </ClInclude>
    <ClInclude Include="Dependencies\SFML\Graphics\RenderTarget.hpp">
      <Filter>Header Files</Filter>
    </ClInclude>
    <ClInclude Include="Dependencies\SFML\Graphics\RenderTexture.hpp">
      <Filter>Header Files</Filter>
    </ClInclude>
    <ClInclude Include="Dependencies\SFML\Graphics\RenderWindow.hpp">
      <Filter>Header Files</Filter>
    </ClInclude>
    <ClInclude Include="Dependencies\SFML\Graphics\Shader.hpp">
      <Filter>Header Files</Filter>
    </ClInclude>
    <ClInclude Include="Dependencies\SFML\Graphics\Shape.hpp">
      <Filter>Header Files</Filter>
    </ClInclude>
    <ClInclude Include="Dependencies\SFML\Graphics\Sprite.hpp">
      <Filter>Header Files</Filter>
    </ClInclude>
    <ClInclude Include="Dependencies\SFML\Graphics\Text.hpp">
      <Filter>Header Files</Filter>
    </ClInclude>
    <ClInclude Include="Dependencies\SFML\Graphics\Texture.hpp">
      <Filter>Header Files</Filter>
    </ClInclude>
    <ClInclude Include="Dependencies\SFML\Graphics\Transform.hpp">
      <Filter>Header Files</Filter>
    </ClInclude>
    <ClInclude Include="Dependencies\SFML\Graphics\Transformable.hpp">
      <Filter>Header Files</Filter>
    </ClInclude>
    <ClInclude Include="Dependencies\SFML\Graphics\Vertex.hpp">
      <Filter>Header Files</Filter>
    </ClInclude>
    <ClInclude Include="Dependencies\SFML\Graphics\VertexArray.hpp">
      <Filter>Header Files</Filter>
    </ClInclude>
    <ClInclude Include="Dependencies\SFML\Graphics\View.hpp">
      <Filter>Header Files</Filter>
    </ClInclude>
    <ClInclude Include="Dependencies\SFML\Network\Export.hpp">
      <Filter>Header Files</Filter>
    </ClInclude>
    <ClInclude Include="Dependencies\SFML\Network\Ftp.hpp">
      <Filter>Header Files</Filter>
    </ClInclude>
    <ClInclude Include="Dependencies\SFML\Network\Http.hpp">
      <Filter>Header Files</Filter>
    </ClInclude>
    <ClInclude Include="Dependencies\SFML\Network\IpAddress.hpp">
      <Filter>Header Files</Filter>
    </ClInclude>
    <ClInclude Include="Dependencies\SFML\Network\Packet.hpp">
      <Filter>Header Files</Filter>
    </ClInclude>
    <ClInclude Include="Dependencies\SFML\Network\Socket.hpp">
      <Filter>Header Files</Filter>
    </ClInclude>
    <ClInclude Include="Dependencies\SFML\Network\SocketHandle.hpp">
      <Filter>Header Files</Filter>
    </ClInclude>
    <ClInclude Include="Dependencies\SFML\Network\SocketSelector.hpp">
      <Filter>Header Files</Filter>
    </ClInclude>
    <ClInclude Include="Dependencies\SFML\Network\TcpListener.hpp">
      <Filter>Header Files</Filter>
    </ClInclude>
    <ClInclude Include="Dependencies\SFML\Network\TcpSocket.hpp">
      <Filter>Header Files</Filter>
    </ClInclude>
    <ClInclude Include="Dependencies\SFML\Network\UdpSocket.hpp">
      <Filter>Header Files</Filter>
    </ClInclude>
    <ClInclude Include="Dependencies\SFML\System\Clock.hpp">
      <Filter>Header Files</Filter>
    </ClInclude>
    <ClInclude Include="Dependencies\SFML\System\Err.hpp">
      <Filter>Header Files</Filter>
    </ClInclude>
    <ClInclude Include="Dependencies\SFML\System\Export.hpp">
      <Filter>Header Files</Filter>
    </ClInclude>
    <ClInclude Include="Dependencies\SFML\System\FileInputStream.hpp">
      <Filter>Header Files</Filter>
    </ClInclude>
    <ClInclude Include="Dependencies\SFML\System\InputStream.hpp">
      <Filter>Header Files</Filter>
    </ClInclude>
    <ClInclude Include="Dependencies\SFML\System\Lock.hpp">
      <Filter>Header Files</Filter>
    </ClInclude>
    <ClInclude Include="Dependencies\SFML\System\MemoryInputStream.hpp">
      <Filter>Header Files</Filter>
    </ClInclude>
    <ClInclude Include="Dependencies\SFML\System\Mutex.hpp">
      <Filter>Header Files</Filter>
    </ClInclude>
    <ClInclude Include="Dependencies\SFML\System\NativeActivity.hpp">
      <Filter>Header Files</Filter>
    </ClInclude>
    <ClInclude Include="Dependencies\SFML\System\NonCopyable.hpp">
      <Filter>Header Files</Filter>
    </ClInclude>
    <ClInclude Include="Dependencies\SFML\System\Sleep.hpp">
      <Filter>Header Files</Filter>
    </ClInclude>
    <ClInclude Include="Dependencies\SFML\System\String.hpp">
      <Filter>Header Files</Filter>
    </ClInclude>
    <ClInclude Include="Dependencies\SFML\System\Thread.hpp">
      <Filter>Header Files</Filter>
    </ClInclude>
    <ClInclude Include="Dependencies\SFML\System\ThreadLocal.hpp">
      <Filter>Header Files</Filter>
    </ClInclude>
    <ClInclude Include="Dependencies\SFML\System\ThreadLocalPtr.hpp">
      <Filter>Header Files</Filter>
    </ClInclude>
    <ClInclude Include="Dependencies\SFML\System\Time.hpp">
      <Filter>Header Files</Filter>
    </ClInclude>
    <ClInclude Include="Dependencies\SFML\System\Utf.hpp">
      <Filter>Header Files</Filter>
    </ClInclude>
    <ClInclude Include="Dependencies\SFML\System\Vector2.hpp">
      <Filter>Header Files</Filter>
    </ClInclude>
    <ClInclude Include="Dependencies\SFML\System\Vector3.hpp">
      <Filter>Header Files</Filter>
    </ClInclude>
    <ClInclude Include="Dependencies\SFML\Window\Context.hpp">
      <Filter>Header Files</Filter>
    </ClInclude>
    <ClInclude Include="Dependencies\SFML\Window\ContextSettings.hpp">
      <Filter>Header Files</Filter>
    </ClInclude>
    <ClInclude Include="Dependencies\SFML\Window\Event.hpp">
      <Filter>Header Files</Filter>
    </ClInclude>
    <ClInclude Include="Dependencies\SFML\Window\Export.hpp">
      <Filter>Header Files</Filter>
    </ClInclude>
    <ClInclude Include="Dependencies\SFML\Window\GlResource.hpp">
      <Filter>Header Files</Filter>
    </ClInclude>
    <ClInclude Include="Dependencies\SFML\Window\Joystick.hpp">
      <Filter>Header Files</Filter>
    </ClInclude>
    <ClInclude Include="Dependencies\SFML\Window\Keyboard.hpp">
      <Filter>Header Files</Filter>
    </ClInclude>
    <ClInclude Include="Dependencies\SFML\Window\Mouse.hpp">
      <Filter>Header Files</Filter>
    </ClInclude>
    <ClInclude Include="Dependencies\SFML\Window\Sensor.hpp">
      <Filter>Header Files</Filter>
    </ClInclude>
    <ClInclude Include="Dependencies\SFML\Window\Touch.hpp">
      <Filter>Header Files</Filter>
    </ClInclude>
    <ClInclude Include="Dependencies\SFML\Window\VideoMode.hpp">
      <Filter>Header Files</Filter>
    </ClInclude>
    <ClInclude Include="Dependencies\SFML\Window\Window.hpp">
      <Filter>Header Files</Filter>
    </ClInclude>
    <ClInclude Include="Dependencies\SFML\Window\WindowHandle.hpp">
      <Filter>Header Files</Filter>
    </ClInclude>
    <ClInclude Include="Dependencies\SFML\Window\WindowStyle.hpp">
      <Filter>Header Files</Filter>
    </ClInclude>
    <ClInclude Include="Dependencies\SFML\Audio.hpp">
      <Filter>Header Files</Filter>
    </ClInclude>
    <ClInclude Include="Dependencies\SFML\Config.hpp">
      <Filter>Header Files</Filter>
    </ClInclude>
    <ClInclude Include="Dependencies\SFML\Graphics.hpp">
      <Filter>Header Files</Filter>
    </ClInclude>
    <ClInclude Include="Dependencies\SFML\Main.hpp">
      <Filter>Header Files</Filter>
    </ClInclude>
    <ClInclude Include="Dependencies\SFML\Network.hpp">
      <Filter>Header Files</Filter>
    </ClInclude>
    <ClInclude Include="Dependencies\SFML\OpenGL.hpp">
      <Filter>Header Files</Filter>
    </ClInclude>
    <ClInclude Include="Dependencies\SFML\System.hpp">
      <Filter>Header Files</Filter>
    </ClInclude>
    <ClInclude Include="Dependencies\SFML\Window.hpp">
      <Filter>Header Files</Filter>
    </ClInclude>
    <ClInclude Include="Dependencies\TGUI\Loading\DataIO.hpp">
      <Filter>Header Files</Filter>
    </ClInclude>
    <ClInclude Include="Dependencies\TGUI\Loading\Deserializer.hpp">
      <Filter>Header Files</Filter>
    </ClInclude>
    <ClInclude Include="Dependencies\TGUI\Loading\ObjectConverter.hpp">
      <Filter>Header Files</Filter>
    </ClInclude>
    <ClInclude Include="Dependencies\TGUI\Loading\Serializer.hpp">
      <Filter>Header Files</Filter>
    </ClInclude>
    <ClInclude Include="Dependencies\TGUI\Loading\Theme.hpp">
      <Filter>Header Files</Filter>
    </ClInclude>
    <ClInclude Include="Dependencies\TGUI\Loading\ThemeLoader.hpp">
      <Filter>Header Files</Filter>
    </ClInclude>
    <ClInclude Include="Dependencies\TGUI\Loading\WidgetConverter.hpp">
      <Filter>Header Files</Filter>
    </ClInclude>
    <ClInclude Include="Dependencies\TGUI\Loading\WidgetLoader.hpp">
      <Filter>Header Files</Filter>
    </ClInclude>
    <ClInclude Include="Dependencies\TGUI\Loading\WidgetSaver.hpp">
      <Filter>Header Files</Filter>
    </ClInclude>
    <ClInclude Include="Dependencies\TGUI\Widgets\devel\RichTextLabel.hpp">
      <Filter>Header Files</Filter>
    </ClInclude>
    <ClInclude Include="Dependencies\TGUI\Widgets\devel\Table.hpp">
      <Filter>Header Files</Filter>
    </ClInclude>
    <ClInclude Include="Dependencies\TGUI\Widgets\devel\TableItem.hpp">
      <Filter>Header Files</Filter>
    </ClInclude>
    <ClInclude Include="Dependencies\TGUI\Widgets\devel\TableRow.hpp">
      <Filter>Header Files</Filter>
    </ClInclude>
    <ClInclude Include="Dependencies\TGUI\Widgets\Button.hpp">
      <Filter>Header Files</Filter>
    </ClInclude>
    <ClInclude Include="Dependencies\TGUI\Widgets\Canvas.hpp">
      <Filter>Header Files</Filter>
    </ClInclude>
    <ClInclude Include="Dependencies\TGUI\Widgets\ChatBox.hpp">
      <Filter>Header Files</Filter>
    </ClInclude>
    <ClInclude Include="Dependencies\TGUI\Widgets\CheckBox.hpp">
      <Filter>Header Files</Filter>
    </ClInclude>
    <ClInclude Include="Dependencies\TGUI\Widgets\ChildWindow.hpp">
      <Filter>Header Files</Filter>
    </ClInclude>
    <ClInclude Include="Dependencies\TGUI\Widgets\ClickableWidget.hpp">
      <Filter>Header Files</Filter>
    </ClInclude>
    <ClInclude Include="Dependencies\TGUI\Widgets\ComboBox.hpp">
      <Filter>Header Files</Filter>
    </ClInclude>
    <ClInclude Include="Dependencies\TGUI\Widgets\EditBox.hpp">
      <Filter>Header Files</Filter>
    </ClInclude>
    <ClInclude Include="Dependencies\TGUI\Widgets\Grid.hpp">
      <Filter>Header Files</Filter>
    </ClInclude>
    <ClInclude Include="Dependencies\TGUI\Widgets\Knob.hpp">
      <Filter>Header Files</Filter>
    </ClInclude>
    <ClInclude Include="Dependencies\TGUI\Widgets\Label.hpp">
      <Filter>Header Files</Filter>
    </ClInclude>
    <ClInclude Include="Dependencies\TGUI\Widgets\ListBox.hpp">
      <Filter>Header Files</Filter>
    </ClInclude>
    <ClInclude Include="Dependencies\TGUI\Widgets\MenuBar.hpp">
      <Filter>Header Files</Filter>
    </ClInclude>
    <ClInclude Include="Dependencies\TGUI\Widgets\MessageBox.hpp">
      <Filter>Header Files</Filter>
    </ClInclude>
    <ClInclude Include="Dependencies\TGUI\Widgets\Panel.hpp">
      <Filter>Header Files</Filter>
    </ClInclude>
    <ClInclude Include="Dependencies\TGUI\Widgets\Picture.hpp">
      <Filter>Header Files</Filter>
    </ClInclude>
    <ClInclude Include="Dependencies\TGUI\Widgets\ProgressBar.hpp">
      <Filter>Header Files</Filter>
    </ClInclude>
    <ClInclude Include="Dependencies\TGUI\Widgets\RadioButton.hpp">
      <Filter>Header Files</Filter>
    </ClInclude>
    <ClInclude Include="Dependencies\TGUI\Widgets\Scrollbar.hpp">
      <Filter>Header Files</Filter>
    </ClInclude>
    <ClInclude Include="Dependencies\TGUI\Widgets\Slider.hpp">
      <Filter>Header Files</Filter>
    </ClInclude>
    <ClInclude Include="Dependencies\TGUI\Widgets\SpinButton.hpp">
      <Filter>Header Files</Filter>
    </ClInclude>
    <ClInclude Include="Dependencies\TGUI\Widgets\Tab.hpp">
      <Filter>Header Files</Filter>
    </ClInclude>
    <ClInclude Include="Dependencies\TGUI\Widgets\TextBox.hpp">
      <Filter>Header Files</Filter>
    </ClInclude>
    <ClInclude Include="Dependencies\TGUI\Widgets\ToolTip.hpp">
      <Filter>Header Files</Filter>
    </ClInclude>
    <ClInclude Include="Dependencies\TGUI\Animation.hpp">
      <Filter>Header Files</Filter>
    </ClInclude>
    <ClInclude Include="Dependencies\TGUI\Borders.hpp">
      <Filter>Header Files</Filter>
    </ClInclude>
    <ClInclude Include="Dependencies\TGUI\BoxLayout.hpp">
      <Filter>Header Files</Filter>
    </ClInclude>
    <ClInclude Include="Dependencies\TGUI\Callback.hpp">
      <Filter>Header Files</Filter>
    </ClInclude>
    <ClInclude Include="Dependencies\TGUI\Clipboard.hpp">
      <Filter>Header Files</Filter>
    </ClInclude>
    <ClInclude Include="Dependencies\TGUI\Clipping.hpp">
      <Filter>Header Files</Filter>
    </ClInclude>
    <ClInclude Include="Dependencies\TGUI\Color.hpp">
      <Filter>Header Files</Filter>
    </ClInclude>
    <ClInclude Include="Dependencies\TGUI\Config.hpp">
      <Filter>Header Files</Filter>
    </ClInclude>
    <ClInclude Include="Dependencies\TGUI\Container.hpp">
      <Filter>Header Files</Filter>
    </ClInclude>
    <ClInclude Include="Dependencies\TGUI\DefaultFont.hpp">
      <Filter>Header Files</Filter>
    </ClInclude>
    <ClInclude Include="Dependencies\TGUI\Exception.hpp">
      <Filter>Header Files</Filter>
    </ClInclude>
    <ClInclude Include="Dependencies\TGUI\Font.hpp">
      <Filter>Header Files</Filter>
    </ClInclude>
    <ClInclude Include="Dependencies\TGUI\Global.hpp">
      <Filter>Header Files</Filter>
    </ClInclude>
    <ClInclude Include="Dependencies\TGUI\Gui.hpp">
      <Filter>Header Files</Filter>
    </ClInclude>
    <ClInclude Include="Dependencies\TGUI\HorizontalLayout.hpp">
      <Filter>Header Files</Filter>
    </ClInclude>
    <ClInclude Include="Dependencies\TGUI\Layout.hpp">
      <Filter>Header Files</Filter>
    </ClInclude>
    <ClInclude Include="Dependencies\TGUI\Signal.hpp">
      <Filter>Header Files</Filter>
    </ClInclude>
    <ClInclude Include="Dependencies\TGUI\Texture.hpp">
      <Filter>Header Files</Filter>
    </ClInclude>
    <ClInclude Include="Dependencies\TGUI\TextureData.hpp">
      <Filter>Header Files</Filter>
    </ClInclude>
    <ClInclude Include="Dependencies\TGUI\TextureManager.hpp">
      <Filter>Header Files</Filter>
    </ClInclude>
    <ClInclude Include="Dependencies\TGUI\TGUI.hpp">
      <Filter>Header Files</Filter>
    </ClInclude>
    <ClInclude Include="Dependencies\TGUI\Transformable.hpp">
      <Filter>Header Files</Filter>
    </ClInclude>
    <ClInclude Include="Dependencies\TGUI\VerticalLayout.hpp">
      <Filter>Header Files</Filter>
    </ClInclude>
    <ClInclude Include="Dependencies\TGUI\Widget.hpp">
      <Filter>Header Files</Filter>
    </ClInclude>
    <ClInclude Include="Dependencies\Thor\Animations\Detail\PlaybackSchemes.hpp">
      <Filter>Header Files</Filter>
    </ClInclude>
    <ClInclude Include="Dependencies\Thor\Animations\AnimationMap.hpp">
      <Filter>Header Files</Filter>
    </ClInclude>
    <ClInclude Include="Dependencies\Thor\Animations\AnimationPrimitives.hpp">
      <Filter>Header Files</Filter>
    </ClInclude>
    <ClInclude Include="Dependencies\Thor\Animations\Animator.hpp">
      <Filter>Header Files</Filter>
    </ClInclude>
    <ClInclude Include="Dependencies\Thor\Animations\ColorAnimation.hpp">
      <Filter>Header Files</Filter>
    </ClInclude>
    <ClInclude Include="Dependencies\Thor\Animations\FadeAnimation.hpp">
      <Filter>Header Files</Filter>
    </ClInclude>
    <ClInclude Include="Dependencies\Thor\Animations\FrameAnimation.hpp">
      <Filter>Header Files</Filter>
    </ClInclude>
    <ClInclude Include="Dependencies\Thor\Animations\Playback.hpp">
      <Filter>Header Files</Filter>
    </ClInclude>
    <ClInclude Include="Dependencies\Thor\Animations\RefAnimation.hpp">
      <Filter>Header Files</Filter>
    </ClInclude>
    <ClInclude Include="Dependencies\Thor\Graphics\BigSprite.hpp">
      <Filter>Header Files</Filter>
    </ClInclude>
    <ClInclude Include="Dependencies\Thor\Graphics\BigTexture.hpp">
      <Filter>Header Files</Filter>
    </ClInclude>
    <ClInclude Include="Dependencies\Thor\Graphics\ColorGradient.hpp">
      <Filter>Header Files</Filter>
    </ClInclude>
    <ClInclude Include="Dependencies\Thor\Graphics\ToString.hpp">
      <Filter>Header Files</Filter>
    </ClInclude>
    <ClInclude Include="Dependencies\Thor\Graphics\UniformAccess.hpp">
      <Filter>Header Files</Filter>
    </ClInclude>
    <ClInclude Include="Dependencies\Thor\Input\Detail\ActionOperations.hpp">
      <Filter>Header Files</Filter>
    </ClInclude>
    <ClInclude Include="Dependencies\Thor\Input\Detail\ConnectionImpl.hpp">
      <Filter>Header Files</Filter>
    </ClInclude>
    <ClInclude Include="Dependencies\Thor\Input\Detail\EventListener.hpp">
      <Filter>Header Files</Filter>
    </ClInclude>
    <ClInclude Include="Dependencies\Thor\Input\Action.hpp">
      <Filter>Header Files</Filter>
    </ClInclude>
    <ClInclude Include="Dependencies\Thor\Input\ActionContext.hpp">
      <Filter>Header Files</Filter>
    </ClInclude>
    <ClInclude Include="Dependencies\Thor\Input\ActionMap.hpp">
      <Filter>Header Files</Filter>
    </ClInclude>
    <ClInclude Include="Dependencies\Thor\Input\Connection.hpp">
      <Filter>Header Files</Filter>
    </ClInclude>
    <ClInclude Include="Dependencies\Thor\Input\EventSystem.hpp">
      <Filter>Header Files</Filter>
    </ClInclude>
    <ClInclude Include="Dependencies\Thor\Input\InputNames.hpp">
      <Filter>Header Files</Filter>
    </ClInclude>
    <ClInclude Include="Dependencies\Thor\Input\Joystick.hpp">
      <Filter>Header Files</Filter>
    </ClInclude>
    <ClInclude Include="Dependencies\Thor\Math\Distribution.hpp">
      <Filter>Header Files</Filter>
    </ClInclude>
    <ClInclude Include="Dependencies\Thor\Math\Distributions.hpp">
      <Filter>Header Files</Filter>
    </ClInclude>
    <ClInclude Include="Dependencies\Thor\Math\Random.hpp">
      <Filter>Header Files</Filter>
    </ClInclude>
    <ClInclude Include="Dependencies\Thor\Math\Triangulation.hpp">
      <Filter>Header Files</Filter>
    </ClInclude>
    <ClInclude Include="Dependencies\Thor\Math\TriangulationFigures.hpp">
      <Filter>Header Files</Filter>
    </ClInclude>
    <ClInclude Include="Dependencies\Thor\Math\Trigonometry.hpp">
      <Filter>Header Files</Filter>
    </ClInclude>
    <ClInclude Include="Dependencies\Thor\Particles\Affectors.hpp">
      <Filter>Header Files</Filter>
    </ClInclude>
    <ClInclude Include="Dependencies\Thor\Particles\EmissionInterface.hpp">
      <Filter>Header Files</Filter>
    </ClInclude>
    <ClInclude Include="Dependencies\Thor\Particles\Emitters.hpp">
      <Filter>Header Files</Filter>
    </ClInclude>
    <ClInclude Include="Dependencies\Thor\Particles\Particle.hpp">
      <Filter>Header Files</Filter>
    </ClInclude>
    <ClInclude Include="Dependencies\Thor\Particles\ParticleSystem.hpp">
      <Filter>Header Files</Filter>
    </ClInclude>
    <ClInclude Include="Dependencies\Thor\Resources\Detail\ResourceLoaderHelpers.hpp">
      <Filter>Header Files</Filter>
    </ClInclude>
    <ClInclude Include="Dependencies\Thor\Resources\KnownIdStrategy.hpp">
      <Filter>Header Files</Filter>
    </ClInclude>
    <ClInclude Include="Dependencies\Thor\Resources\OwnershipModels.hpp">
      <Filter>Header Files</Filter>
    </ClInclude>
    <ClInclude Include="Dependencies\Thor\Resources\ResourceExceptions.hpp">
      <Filter>Header Files</Filter>
    </ClInclude>
    <ClInclude Include="Dependencies\Thor\Resources\ResourceHolder.hpp">
      <Filter>Header Files</Filter>
    </ClInclude>
    <ClInclude Include="Dependencies\Thor\Resources\ResourceLoader.hpp">
      <Filter>Header Files</Filter>
    </ClInclude>
    <ClInclude Include="Dependencies\Thor\Resources\SfmlLoaders.hpp">
      <Filter>Header Files</Filter>
    </ClInclude>
    <ClInclude Include="Dependencies\Thor\Shapes\Arrow.hpp">
      <Filter>Header Files</Filter>
    </ClInclude>
    <ClInclude Include="Dependencies\Thor\Shapes\ConcaveShape.hpp">
      <Filter>Header Files</Filter>
    </ClInclude>
    <ClInclude Include="Dependencies\Thor\Shapes\Shapes.hpp">
      <Filter>Header Files</Filter>
    </ClInclude>
    <ClInclude Include="Dependencies\Thor\Time\CallbackTimer.hpp">
      <Filter>Header Files</Filter>
    </ClInclude>
    <ClInclude Include="Dependencies\Thor\Time\StopWatch.hpp">
      <Filter>Header Files</Filter>
    </ClInclude>
    <ClInclude Include="Dependencies\Thor\Time\Timer.hpp">
      <Filter>Header Files</Filter>
    </ClInclude>
    <ClInclude Include="Dependencies\Thor\Vectors\PolarVector2.hpp">
      <Filter>Header Files</Filter>
    </ClInclude>
    <ClInclude Include="Dependencies\Thor\Vectors\VectorAlgebra2D.hpp">
      <Filter>Header Files</Filter>
    </ClInclude>
    <ClInclude Include="Dependencies\Thor\Vectors\VectorAlgebra3D.hpp">
      <Filter>Header Files</Filter>
    </ClInclude>
    <ClInclude Include="Dependencies\Thor\Animations.hpp">
      <Filter>Header Files</Filter>
    </ClInclude>
    <ClInclude Include="Dependencies\Thor\Config.hpp">
      <Filter>Header Files</Filter>
    </ClInclude>
    <ClInclude Include="Dependencies\Thor\Graphics.hpp">
      <Filter>Header Files</Filter>
    </ClInclude>
    <ClInclude Include="Dependencies\Thor\Input.hpp">
      <Filter>Header Files</Filter>
    </ClInclude>
    <ClInclude Include="Dependencies\Thor\Math.hpp">
      <Filter>Header Files</Filter>
    </ClInclude>
    <ClInclude Include="Dependencies\Thor\Particles.hpp">
      <Filter>Header Files</Filter>
    </ClInclude>
    <ClInclude Include="Dependencies\Thor\Resources.hpp">
      <Filter>Header Files</Filter>
    </ClInclude>
    <ClInclude Include="Dependencies\Thor\Shapes.hpp">
      <Filter>Header Files</Filter>
    </ClInclude>
    <ClInclude Include="Dependencies\Thor\Time.hpp">
      <Filter>Header Files</Filter>
    </ClInclude>
    <ClInclude Include="Dependencies\Thor\Vectors.hpp">
      <Filter>Header Files</Filter>
    </ClInclude>
    <ClInclude Include="Dependencies\SelbaWard.hpp">
      <Filter>Header Files</Filter>
    </ClInclude>
    <ClInclude Include="Dependencies\IMGUI\stb_truetype.h">
      <Filter>Header Files</Filter>
    </ClInclude>
    <ClInclude Include="Demos\MainMenu\Classes\Levels\MainMenu.h">
      <Filter>Header Files</Filter>
    </ClInclude>
    <ClInclude Include="Source\Public\Physics\ColliderPartitioner.h">
      <Filter>Header Files</Filter>
    </ClInclude>
    <ClInclude Include="Source\Public\Physics\PartitionNode.h">
      <Filter>Header Files</Filter>
    </ClInclude>
    <ClInclude Include="Source\Public\Physics\PartitionerRecord.h">
      <Filter>Header Files</Filter>
    </ClInclude>
    <ClInclude Include="Source\Public\Utils\Various.h">
      <Filter>Header Files</Filter>
    </ClInclude>
    <ClInclude Include="Source\Public\Serialization\BasicTypes.h">
      <Filter>Header Files</Filter>
    </ClInclude>
    <ClInclude Include="Source\Public\Serialization\BasicTypes.hpp">
      <Filter>Header Files</Filter>
    </ClInclude>
    <ClInclude Include="Source\Public\Level\DefaultLevel.h">
      <Filter>Header Files</Filter>
    </ClInclude>
    <ClInclude Include="Source\Public\State\BasicLevelState.h">
      <Filter>Header Files</Filter>
    </ClInclude>
    <ClInclude Include="Dependencies\Kairos\Absorel.hpp">
      <Filter>Header Files</Filter>
    </ClInclude>
    <ClInclude Include="Dependencies\Kairos\all.hpp">
      <Filter>Header Files</Filter>
    </ClInclude>
    <ClInclude Include="Dependencies\Kairos\BasicClock.hpp">
      <Filter>Header Files</Filter>
    </ClInclude>
    <ClInclude Include="Dependencies\Kairos\Continuum.hpp">
      <Filter>Header Files</Filter>
    </ClInclude>
    <ClInclude Include="Dependencies\Kairos\Duration.hpp">
      <Filter>Header Files</Filter>
    </ClInclude>
    <ClInclude Include="Dependencies\Kairos\FpsLite.hpp">
      <Filter>Header Files</Filter>
    </ClInclude>
    <ClInclude Include="Dependencies\Kairos\Stopwatch.hpp">
      <Filter>Header Files</Filter>
    </ClInclude>
    <ClInclude Include="Dependencies\Kairos\Timer.hpp">
      <Filter>Header Files</Filter>
    </ClInclude>
    <ClInclude Include="Dependencies\Kairos\Timestep.hpp">
      <Filter>Header Files</Filter>
    </ClInclude>
    <ClInclude Include="Dependencies\Kairos\TimestepLite.hpp">
      <Filter>Header Files</Filter>
    </ClInclude>
    <ClInclude Include="Dependencies\Kairos\Yalpes.hpp">
      <Filter>Header Files</Filter>
    </ClInclude>
    <ClInclude Include="Dependencies\Plinth\Sfml\all.hpp">
      <Filter>Header Files</Filter>
    </ClInclude>
    <ClInclude Include="Dependencies\Plinth\Sfml\Anchor.hpp">
      <Filter>Header Files</Filter>
    </ClInclude>
    <ClInclude Include="Dependencies\Plinth\Sfml\Animation.hpp">
      <Filter>Header Files</Filter>
    </ClInclude>
    <ClInclude Include="Dependencies\Plinth\Sfml\AnimationTracks.hpp">
      <Filter>Header Files</Filter>
    </ClInclude>
    <ClInclude Include="Dependencies\Plinth\Sfml\Colors.hpp">
      <Filter>Header Files</Filter>
    </ClInclude>
    <ClInclude Include="Dependencies\Plinth\Sfml\Common.hpp">
      <Filter>Header Files</Filter>
    </ClInclude>
    <ClInclude Include="Dependencies\Plinth\Sfml\ErrBlocker.hpp">
      <Filter>Header Files</Filter>
    </ClInclude>
    <ClInclude Include="Dependencies\Plinth\Sfml\FrameSequence.hpp">
      <Filter>Header Files</Filter>
    </ClInclude>
    <ClInclude Include="Dependencies\Plinth\Sfml\Generic.hpp">
      <Filter>Header Files</Filter>
    </ClInclude>
    <ClInclude Include="Dependencies\Plinth\Sfml\Image.hpp">
      <Filter>Header Files</Filter>
    </ClInclude>
    <ClInclude Include="Dependencies\Plinth\Sfml\ImageChannel.hpp">
      <Filter>Header Files</Filter>
    </ClInclude>
    <ClInclude Include="Dependencies\Plinth\Sfml\KeyMap.hpp">
      <Filter>Header Files</Filter>
    </ClInclude>
    <ClInclude Include="Dependencies\Plinth\Sfml\ResourceManagerBasic.hpp">
      <Filter>Header Files</Filter>
    </ClInclude>
    <ClInclude Include="Dependencies\Plinth\Sfml\StringFrom.hpp">
      <Filter>Header Files</Filter>
    </ClInclude>
    <ClInclude Include="Dependencies\Plinth\Sfml\Tween.hpp">
      <Filter>Header Files</Filter>
    </ClInclude>
    <ClInclude Include="Dependencies\Plinth\all.hpp">
      <Filter>Header Files</Filter>
    </ClInclude>
    <ClInclude Include="Dependencies\Plinth\Ascii.hpp">
      <Filter>Header Files</Filter>
    </ClInclude>
    <ClInclude Include="Dependencies\Plinth\Bezier.hpp">
      <Filter>Header Files</Filter>
    </ClInclude>
    <ClInclude Include="Dependencies\Plinth\Color.hpp">
      <Filter>Header Files</Filter>
    </ClInclude>
    <ClInclude Include="Dependencies\Plinth\Common.hpp">
      <Filter>Header Files</Filter>
    </ClInclude>
    <ClInclude Include="Dependencies\Plinth\Exception.hpp">
      <Filter>Header Files</Filter>
    </ClInclude>
    <ClInclude Include="Dependencies\Plinth\File.hpp">
      <Filter>Header Files</Filter>
    </ClInclude>
    <ClInclude Include="Dependencies\Plinth\Generic.hpp">
      <Filter>Header Files</Filter>
    </ClInclude>
    <ClInclude Include="Dependencies\Plinth\IndexedMap.hpp">
      <Filter>Header Files</Filter>
    </ClInclude>
    <ClInclude Include="Dependencies\Plinth\Lax.hpp">
      <Filter>Header Files</Filter>
    </ClInclude>
    <ClInclude Include="Dependencies\Plinth\Math.hpp">
      <Filter>Header Files</Filter>
    </ClInclude>
    <ClInclude Include="Dependencies\Plinth\NumberBase.hpp">
      <Filter>Header Files</Filter>
    </ClInclude>
    <ClInclude Include="Dependencies\Plinth\Random.hpp">
      <Filter>Header Files</Filter>
    </ClInclude>
    <ClInclude Include="Dependencies\Plinth\Range.hpp">
      <Filter>Header Files</Filter>
    </ClInclude>
    <ClInclude Include="Dependencies\Plinth\RangeArea.hpp">
      <Filter>Header Files</Filter>
    </ClInclude>
    <ClInclude Include="Dependencies\Plinth\Ranges.hpp">
      <Filter>Header Files</Filter>
    </ClInclude>
    <ClInclude Include="Dependencies\Plinth\sfml.hpp">
      <Filter>Header Files</Filter>
    </ClInclude>
    <ClInclude Include="Dependencies\Plinth\Size2.hpp">
      <Filter>Header Files</Filter>
    </ClInclude>
    <ClInclude Include="Dependencies\Plinth\Size3.hpp">
      <Filter>Header Files</Filter>
    </ClInclude>
    <ClInclude Include="Dependencies\Plinth\Sizes.hpp">
      <Filter>Header Files</Filter>
    </ClInclude>
    <ClInclude Include="Dependencies\Plinth\StringFrom.hpp">
      <Filter>Header Files</Filter>
    </ClInclude>
    <ClInclude Include="Dependencies\Plinth\Strings.hpp">
      <Filter>Header Files</Filter>
    </ClInclude>
    <ClInclude Include="Dependencies\Plinth\Tween.hpp">
      <Filter>Header Files</Filter>
    </ClInclude>
    <ClInclude Include="Dependencies\Plinth\TweenPiecewise.hpp">
      <Filter>Header Files</Filter>
    </ClInclude>
    <ClInclude Include="Dependencies\Plinth\TweenTrack.hpp">
      <Filter>Header Files</Filter>
    </ClInclude>
    <ClInclude Include="Dependencies\Plinth\TweenTrack2.hpp">
      <Filter>Header Files</Filter>
    </ClInclude>
    <ClInclude Include="Dependencies\Plinth\TweenTrack3.hpp">
      <Filter>Header Files</Filter>
    </ClInclude>
    <ClInclude Include="Dependencies\Plinth\TweenTracks.hpp">
      <Filter>Header Files</Filter>
    </ClInclude>
    <ClInclude Include="Dependencies\Plinth\Vector2.hpp">
      <Filter>Header Files</Filter>
    </ClInclude>
    <ClInclude Include="Dependencies\Plinth\Vector3.hpp">
      <Filter>Header Files</Filter>
    </ClInclude>
    <ClInclude Include="Dependencies\Plinth\Vectors.hpp">
      <Filter>Header Files</Filter>
    </ClInclude>
    <ClInclude Include="Source\Public\State\ObjectState.h">
      <Filter>Header Files</Filter>
    </ClInclude>
    <ClInclude Include="Source\Public\State\GameState.h">
      <Filter>Header Files</Filter>
    </ClInclude>
    <ClInclude Include="Source\Public\Enums\EnumTemplate.h">
      <Filter>Header Files</Filter>
    </ClInclude>
    <ClInclude Include="Source\Public\Enums\ActorEnums.h">
      <Filter>Header Files</Filter>
    </ClInclude>
    <ClInclude Include="Source\Public\Level\StartupLevel.h">
      <Filter>Header Files</Filter>
    </ClInclude>
    <ClInclude Include="Source\Public\Effects\Phasers\Phaser.h">
      <Filter>Header Files</Filter>
    </ClInclude>
    <ClInclude Include="Source\Public\Effects\Phasers\FadePhaser.h">
      <Filter>Header Files</Filter>
    </ClInclude>
    <ClInclude Include="Source\Public\Effects\SpriteEffect.h">
      <Filter>Header Files</Filter>
    </ClInclude>
    <ClInclude Include="Editor\Public\Launcher\Launcher.h">
      <Filter>Header Files</Filter>
    </ClInclude>
    <ClInclude Include="Editor\Public\Manager\EditorManager.h">
      <Filter>Header Files</Filter>
    </ClInclude>
    <ClInclude Include="Editor\Public\Setup\OptionTree.h">
      <Filter>Header Files</Filter>
    </ClInclude>
    <ClInclude Include="Editor\Public\Launcher\LauncherDisplay.h">
      <Filter>Header Files</Filter>
    </ClInclude>
    <ClInclude Include="Editor\Public\Utils\Parsing.h">
      <Filter>Header Files</Filter>
    </ClInclude>
    <ClInclude Include="Source\Public\ApplicationEntry\MainEntryPoint.h">
      <Filter>Header Files</Filter>
    </ClInclude>
    <ClInclude Include="Editor\Public\MainWindow\MainWindow.h">
      <Filter>Header Files</Filter>
    </ClInclude>
    <ClInclude Include="Dependencies\nuklear\nuklear.h">
      <Filter>Header Files</Filter>
    </ClInclude>
    <ClInclude Include="Dependencies\nuklear\stb_image.h">
      <Filter>Header Files</Filter>
    </ClInclude>
    <ClInclude Include="Dependencies\glad\include\glad\glad.h">
      <Filter>Header Files</Filter>
    </ClInclude>
    <ClInclude Include="Dependencies\glad\include\KHR\khrplatform.h">
      <Filter>Header Files</Filter>
    </ClInclude>
    <ClInclude Include="Editor\Public\UI\UIEditor.h">
      <Filter>Header Files</Filter>
    </ClInclude>
    <ClInclude Include="Editor\EditorGlobals.h">
      <Filter>Header Files</Filter>
    </ClInclude>
    <ClInclude Include="Source\Public\FuncPtrFwd.h">
      <Filter>Header Files</Filter>
    </ClInclude>
  </ItemGroup>
  <ItemGroup>
    <ClCompile Include="SFEngine.cpp">
      <Filter>Source Files</Filter>
    </ClCompile>
    <ClCompile Include="Source\Private\Engine\Engine.cpp">
      <Filter>Source Files</Filter>
    </ClCompile>
    <ClCompile Include="Source\Private\Engine\Go.cpp">
      <Filter>Source Files</Filter>
    </ClCompile>
    <ClCompile Include="Source\Private\Engine\InitRenderWindow.cpp">
      <Filter>Source Files</Filter>
    </ClCompile>
    <ClCompile Include="Source\Private\Engine\GameLoop.cpp">
      <Filter>Source Files</Filter>
    </ClCompile>
    <ClCompile Include="Source\Private\Engine\Init.cpp">
      <Filter>Source Files</Filter>
    </ClCompile>
    <ClCompile Include="Source\Private\Engine\Startup.cpp">
      <Filter>Source Files</Filter>
    </ClCompile>
    <ClCompile Include="Source\Private\Engine\HandleWindowClosed.cpp">
      <Filter>Source Files</Filter>
    </ClCompile>
    <ClCompile Include="Source\Private\Engine\HandleKeyEvent.cpp">
      <Filter>Source Files</Filter>
    </ClCompile>
    <ClCompile Include="Source\Private\Engine\HandleMouseEvent.cpp">
      <Filter>Source Files</Filter>
    </ClCompile>
    <ClCompile Include="Source\Private\Messaging\Messager.cpp">
      <Filter>Source Files</Filter>
    </ClCompile>
    <ClCompile Include="Source\Private\Globals.cpp">
      <Filter>Source Files</Filter>
    </ClCompile>
    <ClCompile Include="Source\Private\DependencyInterface.cpp">
      <Filter>Source Files</Filter>
    </ClCompile>
    <ClCompile Include="Source\Private\Physics\Collider.cpp">
      <Filter>Source Files</Filter>
    </ClCompile>
    <ClCompile Include="Source\Private\Level\BasicLevel.cpp">
      <Filter>Source Files</Filter>
    </ClCompile>
    <ClCompile Include="Source\Private\Resources\Resources.cpp">
      <Filter>Source Files</Filter>
    </ClCompile>
    <ClCompile Include="Source\Private\ASync\LevelStreaming.cpp">
      <Filter>Source Files</Filter>
    </ClCompile>
    <ClCompile Include="Source\Private\Engine\AddLevel.cpp">
      <Filter>Source Files</Filter>
    </ClCompile>
    <ClCompile Include="Source\Private\Engine\GetCurrentLevel.cpp">
      <Filter>Source Files</Filter>
    </ClCompile>
    <ClCompile Include="Source\Private\Engine\ShutDown.cpp">
      <Filter>Source Files</Filter>
    </ClCompile>
    <ClCompile Include="Source\Private\Engine\StepSimulation.cpp">
      <Filter>Source Files</Filter>
    </ClCompile>
    <ClCompile Include="Source\Private\Engine\UpdatePass.cpp">
      <Filter>Source Files</Filter>
    </ClCompile>
    <ClCompile Include="Source\Private\Engine\RenderPass.cpp">
      <Filter>Source Files</Filter>
    </ClCompile>
    <ClCompile Include="Source\Private\Utils\TimedSequence.cpp">
      <Filter>Source Files</Filter>
    </ClCompile>
    <ClCompile Include="Source\Private\Utils\UntimedSequence.cpp">
      <Filter>Source Files</Filter>
    </ClCompile>
    <ClCompile Include="Source\Private\State\DeviceState.cpp">
      <Filter>Source Files</Filter>
    </ClCompile>
    <ClCompile Include="Source\Private\Weather\WeatherSystem.cpp">
      <Filter>Source Files</Filter>
    </ClCompile>
    <ClCompile Include="Source\Private\Weather\Lightning.cpp">
      <Filter>Source Files</Filter>
    </ClCompile>
    <ClCompile Include="Source\Private\Events\EventHandler.cpp">
      <Filter>Source Files</Filter>
    </ClCompile>
    <ClCompile Include="Source\Private\Engine\BaseEngineInterface.cpp">
      <Filter>Source Files</Filter>
    </ClCompile>
    <ClCompile Include="Source\Private\Objects\GameObject.cpp">
      <Filter>Source Files</Filter>
    </ClCompile>
    <ClCompile Include="Source\Private\Actors\Actor.cpp">
      <Filter>Source Files</Filter>
    </ClCompile>
    <ClCompile Include="Source\Private\Camera\Camera2D.cpp">
      <Filter>Source Files</Filter>
    </ClCompile>
    <ClCompile Include="Source\Private\Utils\ReadIni.cpp">
      <Filter>Source Files</Filter>
    </ClCompile>
    <ClCompile Include="Source\Private\Utils\Conversion.cpp">
      <Filter>Source Files</Filter>
    </ClCompile>
    <ClCompile Include="Dependencies\IMGUI\imgui.cpp">
      <Filter>Source Files</Filter>
    </ClCompile>
    <ClCompile Include="Dependencies\IMGUI\imgui_demo.cpp">
      <Filter>Source Files</Filter>
    </ClCompile>
    <ClCompile Include="Dependencies\IMGUI\imgui_draw.cpp">
      <Filter>Source Files</Filter>
    </ClCompile>
    <ClCompile Include="Dependencies\imgui-sfml\imgui-SFML.cpp">
      <Filter>Source Files</Filter>
    </ClCompile>
    <ClCompile Include="Dependencies\SelbaWard\BitmapFont.cpp">
      <Filter>Source Files</Filter>
    </ClCompile>
    <ClCompile Include="Dependencies\SelbaWard\BitmapText.cpp">
      <Filter>Source Files</Filter>
    </ClCompile>
    <ClCompile Include="Dependencies\SelbaWard\ConsoleScreen.cpp">
      <Filter>Source Files</Filter>
    </ClCompile>
    <ClCompile Include="Dependencies\SelbaWard\ConsoleScreenOld.cpp">
      <Filter>Source Files</Filter>
    </ClCompile>
    <ClCompile Include="Dependencies\SelbaWard\Crosshair.cpp">
      <Filter>Source Files</Filter>
    </ClCompile>
    <ClCompile Include="Dependencies\SelbaWard\GallerySprite.cpp">
      <Filter>Source Files</Filter>
    </ClCompile>
    <ClCompile Include="Dependencies\SelbaWard\Line.cpp">
      <Filter>Source Files</Filter>
    </ClCompile>
    <ClCompile Include="Dependencies\SelbaWard\NinePatch.cpp">
      <Filter>Source Files</Filter>
    </ClCompile>
    <ClCompile Include="Dependencies\SelbaWard\PieChart.cpp">
      <Filter>Source Files</Filter>
    </ClCompile>
    <ClCompile Include="Dependencies\SelbaWard\ProgressBar.cpp">
      <Filter>Source Files</Filter>
    </ClCompile>
    <ClCompile Include="Dependencies\SelbaWard\Ring.cpp">
      <Filter>Source Files</Filter>
    </ClCompile>
    <ClCompile Include="Dependencies\SelbaWard\SpinningCard.cpp">
      <Filter>Source Files</Filter>
    </ClCompile>
    <ClCompile Include="Dependencies\SelbaWard\Spline.cpp">
      <Filter>Source Files</Filter>
    </ClCompile>
    <ClCompile Include="Dependencies\SelbaWard\Sprite3d.cpp">
      <Filter>Source Files</Filter>
    </ClCompile>
    <ClCompile Include="Dependencies\SelbaWard\Starfield.cpp">
      <Filter>Source Files</Filter>
    </ClCompile>
    <ClCompile Include="Dependencies\SelbaWard\TileMap.cpp">
      <Filter>Source Files</Filter>
    </ClCompile>
    <ClCompile Include="Dependencies\jsoncpp.cpp">
      <Filter>Source Files</Filter>
    </ClCompile>
    <ClCompile Include="Demos\MainMenu\Classes\Levels\MainMenu.cpp">
      <Filter>Source Files</Filter>
    </ClCompile>
    <ClCompile Include="Source\Private\Physics\ColliderPartitioner.cpp">
      <Filter>Source Files</Filter>
    </ClCompile>
    <ClCompile Include="Source\Private\Physics\PartitionNode.cpp">
      <Filter>Source Files</Filter>
    </ClCompile>
    <ClCompile Include="Source\Private\Utils\Various.cpp">
      <Filter>Source Files</Filter>
    </ClCompile>
    <ClCompile Include="Source\Private\Utils\SplinePath.cpp">
      <Filter>Source Files</Filter>
    </ClCompile>
    <ClCompile Include="Source\Private\Serialization\BasicTypes.cpp">
      <Filter>Source Files</Filter>
    </ClCompile>
    <ClCompile Include="Source\Private\Level\DefaultLevel.cpp">
      <Filter>Source Files</Filter>
    </ClCompile>
    <ClCompile Include="Source\Private\State\BasicLevelState.cpp">
      <Filter>Source Files</Filter>
    </ClCompile>
    <ClCompile Include="Dependencies\Kairos\Absorel.cpp">
      <Filter>Source Files</Filter>
    </ClCompile>
    <ClCompile Include="Dependencies\Kairos\BasicClock.cpp">
      <Filter>Source Files</Filter>
    </ClCompile>
    <ClCompile Include="Dependencies\Kairos\Continuum.cpp">
      <Filter>Source Files</Filter>
    </ClCompile>
    <ClCompile Include="Dependencies\Kairos\Duration.cpp">
      <Filter>Source Files</Filter>
    </ClCompile>
    <ClCompile Include="Dependencies\Kairos\FpsLite.cpp">
      <Filter>Source Files</Filter>
    </ClCompile>
    <ClCompile Include="Dependencies\Kairos\Stopwatch.cpp">
      <Filter>Source Files</Filter>
    </ClCompile>
    <ClCompile Include="Dependencies\Kairos\Timer.cpp">
      <Filter>Source Files</Filter>
    </ClCompile>
    <ClCompile Include="Dependencies\Kairos\Timestep.cpp">
      <Filter>Source Files</Filter>
    </ClCompile>
    <ClCompile Include="Dependencies\Kairos\TimestepLite.cpp">
      <Filter>Source Files</Filter>
    </ClCompile>
    <ClCompile Include="Dependencies\Plinth\Sfml\AnimationTracks.cpp">
      <Filter>Source Files</Filter>
    </ClCompile>
    <ClCompile Include="Dependencies\Plinth\Sfml\FrameSequence.cpp">
      <Filter>Source Files</Filter>
    </ClCompile>
    <ClCompile Include="Dependencies\Plinth\Sfml\Generic.cpp">
      <Filter>Source Files</Filter>
    </ClCompile>
    <ClCompile Include="Dependencies\Plinth\Sfml\Image.cpp">
      <Filter>Source Files</Filter>
    </ClCompile>
    <ClCompile Include="Dependencies\Plinth\Sfml\ImageChannel.cpp">
      <Filter>Source Files</Filter>
    </ClCompile>
    <ClCompile Include="Dependencies\Plinth\Sfml\KeyMap.cpp">
      <Filter>Source Files</Filter>
    </ClCompile>
    <ClCompile Include="Dependencies\Plinth\Sfml\ResourceManagerBasic.cpp">
      <Filter>Source Files</Filter>
    </ClCompile>
    <ClCompile Include="Dependencies\Plinth\Sfml\StringFrom.cpp">
      <Filter>Source Files</Filter>
    </ClCompile>
    <ClCompile Include="Dependencies\Plinth\Color.cpp">
      <Filter>Source Files</Filter>
    </ClCompile>
    <ClCompile Include="Dependencies\Plinth\File.cpp">
      <Filter>Source Files</Filter>
    </ClCompile>
    <ClCompile Include="Dependencies\Plinth\NumberBase.cpp">
      <Filter>Source Files</Filter>
    </ClCompile>
    <ClCompile Include="Dependencies\Plinth\Random.cpp">
      <Filter>Source Files</Filter>
    </ClCompile>
    <ClCompile Include="Dependencies\Plinth\StringFrom.cpp">
      <Filter>Source Files</Filter>
    </ClCompile>
    <ClCompile Include="Dependencies\Plinth\Strings.cpp">
      <Filter>Source Files</Filter>
    </ClCompile>
    <ClCompile Include="Source\Private\Level\StartupLevel.cpp">
      <Filter>Source Files</Filter>
    </ClCompile>
    <ClCompile Include="Source\Private\Effects\Phaser.cpp">
      <Filter>Source Files</Filter>
    </ClCompile>
    <ClCompile Include="Editor\Private\Launcher\Launcher.cpp">
      <Filter>Source Files</Filter>
    </ClCompile>
    <ClCompile Include="Editor\Private\Manager\EditorManager.cpp">
      <Filter>Source Files</Filter>
    </ClCompile>
    <ClCompile Include="Editor\Private\Launcher\LauncherDisplay.cpp">
      <Filter>Source Files</Filter>
    </ClCompile>
    <ClCompile Include="Editor\Private\Utils\Parsing.cpp">
      <Filter>Source Files</Filter>
    </ClCompile>
    <ClCompile Include="Source\Private\ApplicationEntry\MainEntryPoint.cpp">
      <Filter>Source Files</Filter>
    </ClCompile>
    <ClCompile Include="Editor\Private\Manager\MainLoop.cpp">
      <Filter>Source Files</Filter>
    </ClCompile>
    <ClCompile Include="Editor\Private\MainWindow\MainWindow.cpp">
      <Filter>Source Files</Filter>
    </ClCompile>
    <ClCompile Include="Editor\Private\Manager\Update.cpp">
      <Filter>Source Files</Filter>
    </ClCompile>
    <ClCompile Include="Editor\Private\Manager\Render.cpp">
      <Filter>Source Files</Filter>
    </ClCompile>
    <ClCompile Include="Editor\Private\Manager\CreateUI.cpp">
      <Filter>Source Files</Filter>
    </ClCompile>
    <ClCompile Include="Dependencies\glad\src\glad.c">
      <Filter>Source Files</Filter>
    </ClCompile>
    <ClCompile Include="Editor\Private\MainWindow\UICreation.cpp">
      <Filter>Source Files</Filter>
    </ClCompile>
    <ClCompile Include="Editor\Private\Manager\LoadingRing.cpp">
      <Filter>Source Files</Filter>
    </ClCompile>
    <ClCompile Include="Editor\Private\UI\UIEditor.cpp">
      <Filter>Source Files</Filter>
    </ClCompile>
  </ItemGroup>
  <ItemGroup>
    <None Include="Source\Public\DependencyInterface.inl">
      <Filter>Header Files</Filter>
    </None>
    <None Include="Dependencies\Aurora\include\Aurora\Dispatch\Detail\DoubleDispatcher.inl">
      <Filter>Header Files</Filter>
    </None>
    <None Include="Dependencies\Aurora\include\Aurora\Dispatch\Detail\SingleDispatcher.inl">
      <Filter>Header Files</Filter>
    </None>
    <None Include="Dependencies\cereal\external\rapidxml\manual.html" />
    <None Include="Dependencies\rapidxml\manual.html" />
    <None Include="Dependencies\SelbaWard\TileMap.inl">
      <Filter>Header Files</Filter>
    </None>
    <None Include="Dependencies\SFML\Audio\SoundFileFactory.inl">
      <Filter>Header Files</Filter>
    </None>
    <None Include="Dependencies\SFML\Graphics\Glsl.inl">
      <Filter>Header Files</Filter>
    </None>
    <None Include="Dependencies\SFML\Graphics\Rect.inl">
      <Filter>Header Files</Filter>
    </None>
    <None Include="Dependencies\SFML\System\String.inl">
      <Filter>Header Files</Filter>
    </None>
    <None Include="Dependencies\SFML\System\Thread.inl">
      <Filter>Header Files</Filter>
    </None>
    <None Include="Dependencies\SFML\System\ThreadLocalPtr.inl">
      <Filter>Header Files</Filter>
    </None>
    <None Include="Dependencies\SFML\System\Utf.inl">
      <Filter>Header Files</Filter>
    </None>
    <None Include="Dependencies\SFML\System\Vector2.inl">
      <Filter>Header Files</Filter>
    </None>
    <None Include="Dependencies\SFML\System\Vector3.inl">
      <Filter>Header Files</Filter>
    </None>
    <None Include="Dependencies\Thor\Animations\Detail\AnimationMap.inl">
      <Filter>Header Files</Filter>
    </None>
    <None Include="Dependencies\Thor\Animations\Detail\Animator.inl">
      <Filter>Header Files</Filter>
    </None>
    <None Include="Dependencies\Thor\Animations\Detail\RefAnimation.inl">
      <Filter>Header Files</Filter>
    </None>
    <None Include="Dependencies\Thor\Graphics\Detail\ToString.inl">
      <Filter>Header Files</Filter>
    </None>
    <None Include="Dependencies\Thor\Graphics\Detail\UniformAccess.inl">
      <Filter>Header Files</Filter>
    </None>
    <None Include="Dependencies\Thor\Input\Detail\ActionMap.inl">
      <Filter>Header Files</Filter>
    </None>
    <None Include="Dependencies\Thor\Input\Detail\EventSystem.inl">
      <Filter>Header Files</Filter>
    </None>
    <None Include="Dependencies\Thor\Math\Detail\Triangulation.inl">
      <Filter>Header Files</Filter>
    </None>
    <None Include="Dependencies\Thor\Math\Detail\TriangulationFigures.inl">
      <Filter>Header Files</Filter>
    </None>
    <None Include="Dependencies\Thor\Resources\Detail\ResourceHolder.inl">
      <Filter>Header Files</Filter>
    </None>
    <None Include="Dependencies\Thor\Vectors\Detail\PolarVector2.inl">
      <Filter>Header Files</Filter>
    </None>
    <None Include="Dependencies\Thor\Vectors\Detail\VectorAlgebra2D.inl">
      <Filter>Header Files</Filter>
    </None>
    <None Include="Dependencies\Thor\Vectors\Detail\VectorAlgebra3D.inl">
      <Filter>Header Files</Filter>
    </None>
    <None Include="Dependencies\Lib\Debug\sfml-audio-s-d.pdb" />
    <None Include="Dependencies\Lib\Debug\sfml-graphics-s-d.pdb" />
    <None Include="Dependencies\Lib\Debug\sfml-network-s-d.pdb" />
    <None Include="Dependencies\Lib\Debug\sfml-system-s-d.pdb" />
    <None Include="Dependencies\Lib\Debug\sfml-window-s-d.pdb" />
    <None Include="Dependencies\Kairos\Absorel.inl">
      <Filter>Header Files</Filter>
    </None>
    <None Include="Dependencies\Kairos\Yalpes.inl">
      <Filter>Header Files</Filter>
    </None>
    <None Include="Dependencies\Plinth\Sfml\Anchor.inl">
      <Filter>Header Files</Filter>
    </None>
    <None Include="Dependencies\Plinth\Sfml\AnimationTracks.inl">
      <Filter>Header Files</Filter>
    </None>
    <None Include="Dependencies\Plinth\Sfml\StringFrom.inl">
      <Filter>Header Files</Filter>
    </None>
    <None Include="Dependencies\Plinth\Sfml\Tween.inl">
      <Filter>Header Files</Filter>
    </None>
    <None Include="Dependencies\Plinth\Bezier.inl">
      <Filter>Header Files</Filter>
    </None>
    <None Include="Dependencies\Plinth\File.inl">
      <Filter>Header Files</Filter>
    </None>
    <None Include="Dependencies\Plinth\Generic.inl">
      <Filter>Header Files</Filter>
    </None>
    <None Include="Dependencies\Plinth\IndexedMap.inl">
      <Filter>Header Files</Filter>
    </None>
    <None Include="Dependencies\Plinth\Lax.inl">
      <Filter>Header Files</Filter>
    </None>
    <None Include="Dependencies\Plinth\Math.inl">
      <Filter>Header Files</Filter>
    </None>
    <None Include="Dependencies\Plinth\Range.inl">
      <Filter>Header Files</Filter>
    </None>
    <None Include="Dependencies\Plinth\RangeArea.inl">
      <Filter>Header Files</Filter>
    </None>
    <None Include="Dependencies\Plinth\StringFrom.inl">
      <Filter>Header Files</Filter>
    </None>
    <None Include="Dependencies\Plinth\Strings.inl">
      <Filter>Header Files</Filter>
    </None>
    <None Include="Dependencies\Plinth\Tween.inl">
      <Filter>Header Files</Filter>
    </None>
    <None Include="Dependencies\Plinth\TweenPiecewise.inl">
      <Filter>Header Files</Filter>
    </None>
    <None Include="Dependencies\Plinth\TweenTrack.inl">
      <Filter>Header Files</Filter>
    </None>
    <None Include="Dependencies\Plinth\TweenTrack2.inl">
      <Filter>Header Files</Filter>
    </None>
    <None Include="Dependencies\Plinth\TweenTrack3.inl">
      <Filter>Header Files</Filter>
    </None>
    <None Include="Dependencies\Plinth\Vector2.inl">
      <Filter>Header Files</Filter>
    </None>
    <None Include="Dependencies\Plinth\Vector3.inl">
      <Filter>Header Files</Filter>
    </None>
    <None Include="Source\Public\Effects\Phasers\FadePhaser.inl">
      <Filter>Header Files</Filter>
    </None>
  </ItemGroup>
  <ItemGroup>
    <Library Include="Dependencies\Lib\Debug\flac.lib" />
    <Library Include="Dependencies\Lib\Debug\freetype.lib" />
    <Library Include="Dependencies\Lib\Debug\jpeg.lib" />
    <Library Include="Dependencies\Lib\Debug\jsoncpp.lib" />
    <Library Include="Dependencies\Lib\Debug\ogg.lib" />
    <Library Include="Dependencies\Lib\Debug\openal32.lib" />
    <Library Include="Dependencies\Lib\Debug\PhysicsLibrary.lib" />
    <Library Include="Dependencies\Lib\Debug\sfml-audio-s-d.lib" />
    <Library Include="Dependencies\Lib\Debug\sfml-graphics-s-d.lib" />
    <Library Include="Dependencies\Lib\Debug\sfml-main-d.lib" />
    <Library Include="Dependencies\Lib\Debug\sfml-network-s-d.lib" />
    <Library Include="Dependencies\Lib\Debug\sfml-system-s-d.lib" />
    <Library Include="Dependencies\Lib\Debug\sfml-window-s-d.lib" />
    <Library Include="Dependencies\Lib\Debug\tgui-s-d.lib" />
    <Library Include="Dependencies\Lib\Debug\thor-s-d.lib" />
    <Library Include="Dependencies\Lib\Debug\vorbis.lib" />
    <Library Include="Dependencies\Lib\Debug\vorbisenc.lib" />
    <Library Include="Dependencies\Lib\Debug\vorbisfile.lib" />
  </ItemGroup>
</Project>