
Microsoft Visual Studio Solution File, Format Version 12.00
# Visual Studio 15
VisualStudioVersion = 15.0.27205.2004
MinimumVisualStudioVersion = 10.0.40219.1
Project("{8BC9CEB8-8B4A-11D0-8D11-00A0C91BC942}") = "SFEngine", "SFEngine.vcxproj", "{667EFDE7-8AF3-446E-A68C-393D3B86BC2F}"
EndProject
Global
	GlobalSection(SolutionConfigurationPlatforms) = preSolution
		Debug|x64 = Debug|x64
		Debug|x86 = Debug|x86
		Release|x64 = Release|x64
		Release|x86 = Release|x86
		TestsDebug|x64 = TestsDebug|x64
		TestsDebug|x86 = TestsDebug|x86
	EndGlobalSection
	GlobalSection(ProjectConfigurationPlatforms) = postSolution
		{667EFDE7-8AF3-446E-A68C-393D3B86BC2F}.Debug|x64.ActiveCfg = Debug|x64
		{667EFDE7-8AF3-446E-A68C-393D3B86BC2F}.Debug|x64.Build.0 = Debug|x64
		{667EFDE7-8AF3-446E-A68C-393D3B86BC2F}.Debug|x86.ActiveCfg = Debug|Win32
		{667EFDE7-8AF3-446E-A68C-393D3B86BC2F}.Debug|x86.Build.0 = Debug|Win32
		{667EFDE7-8AF3-446E-A68C-393D3B86BC2F}.Release|x64.ActiveCfg = Release|x64
		{667EFDE7-8AF3-446E-A68C-393D3B86BC2F}.Release|x64.Build.0 = Release|x64
		{667EFDE7-8AF3-446E-A68C-393D3B86BC2F}.Release|x86.ActiveCfg = Release|Win32
		{667EFDE7-8AF3-446E-A68C-393D3B86BC2F}.Release|x86.Build.0 = Release|Win32
		{667EFDE7-8AF3-446E-A68C-393D3B86BC2F}.TestsDebug|x64.ActiveCfg = TestsDebug|x64
		{667EFDE7-8AF3-446E-A68C-393D3B86BC2F}.TestsDebug|x64.Build.0 = TestsDebug|x64
		{667EFDE7-8AF3-446E-A68C-393D3B86BC2F}.TestsDebug|x86.ActiveCfg = TestsDebug|Win32
		{667EFDE7-8AF3-446E-A68C-393D3B86BC2F}.TestsDebug|x86.Build.0 = TestsDebug|Win32
	EndGlobalSection
	GlobalSection(SolutionProperties) = preSolution
		HideSolutionNode = FALSE
	EndGlobalSection
	GlobalSection(ExtensibilityGlobals) = postSolution
		SolutionGuid = {8F4A2147-8DB6-4CDE-850C-EFBDFEA07C23}
	EndGlobalSection
EndGlobal
