<?xml version="1.0" encoding="utf-8"?>
<Project ToolsVersion="4.0" xmlns="http://schemas.microsoft.com/developer/msbuild/2003">
  <ItemGroup>
    <Filter Include="Source Files">
      <UniqueIdentifier>{4FC737F1-C7A5-4376-A066-2A32D752A2FF}</UniqueIdentifier>
      <Extensions>cpp;c;cc;cxx;def;odl;idl;hpj;bat;asm;asmx</Extensions>
    </Filter>
    <Filter Include="Header Files">
      <UniqueIdentifier>{93995380-89BD-4b04-88EB-625FBE52EBFB}</UniqueIdentifier>
      <Extensions>h;hh;hpp;hxx;hm;inl;inc;xsd</Extensions>
    </Filter>
    <Filter Include="Resource Files">
      <UniqueIdentifier>{67DA6AB6-F800-4c08-8B7A-83BB121AAD01}</UniqueIdentifier>
      <Extensions>rc;ico;cur;bmp;dlg;rc2;rct;bin;rgs;gif;jpg;jpeg;jpe;resx;tiff;tif;png;wav;mfcribbon-ms</Extensions>
    </Filter>
  </ItemGroup>
  <ItemGroup>
    <Text Include="ReadMe.txt" />
  </ItemGroup>
  <ItemGroup>
    <ClInclude Include="targetver.h">
      <Filter>Header Files</Filter>
    </ClInclude>
    <ClInclude Include="Include\UI\SFUI.h">
      <Filter>Header Files</Filter>
    </ClInclude>
    <ClInclude Include="Include\UI\Widgets\Widget.h">
      <Filter>Header Files</Filter>
    </ClInclude>
    <ClInclude Include="Include\Common.h">
      <Filter>Header Files</Filter>
    </ClInclude>
    <ClInclude Include="Include\UI\Theming\Theme.h">
      <Filter>Header Files</Filter>
    </ClInclude>
    <ClInclude Include="Include\UI\Theming\Color.h">
      <Filter>Header Files</Filter>
    </ClInclude>
    <ClInclude Include="Include\UI\Widgets\Clickable.h">
      <Filter>Header Files</Filter>
    </ClInclude>
    <ClInclude Include="Include\UI\Widgets\FlatButton.h">
      <Filter>Header Files</Filter>
    </ClInclude>
    <ClInclude Include="Include\UI\Widgets\GenericContainer.h">
      <Filter>Header Files</Filter>
    </ClInclude>
    <ClInclude Include="Include\UI\Widgets\Page.h">
      <Filter>Header Files</Filter>
    </ClInclude>
    <ClInclude Include="Include\UI\Globals.h">
      <Filter>Header Files</Filter>
    </ClInclude>
    <ClInclude Include="Include\UI\Window.h">
      <Filter>Header Files</Filter>
    </ClInclude>
    <ClInclude Include="Include\UI\Widgets\Label.h">
      <Filter>Header Files</Filter>
    </ClInclude>
    <ClInclude Include="Include\UI\Widgets\SolidButton.h">
      <Filter>Header Files</Filter>
    </ClInclude>
    <ClInclude Include="Include\UI\Widgets\Expandable.h">
      <Filter>Header Files</Filter>
    </ClInclude>
    <ClInclude Include="Include\UI\Widgets\ExpandableList.h">
      <Filter>Header Files</Filter>
    </ClInclude>
    <ClInclude Include="Include\Events\UserEvent.h">
      <Filter>Header Files</Filter>
    </ClInclude>
    <ClInclude Include="Include\UI\Widgets\Screen.h">
      <Filter>Header Files</Filter>
    </ClInclude>
    <ClInclude Include="Include\UI\Widgets\Selectable.h">
      <Filter>Header Files</Filter>
    </ClInclude>
    <ClInclude Include="Include\sfcss\callback\callback.h">
      <Filter>Header Files</Filter>
    </ClInclude>
    <ClInclude Include="Include\sfcss\css_element\css_element.h">
      <Filter>Header Files</Filter>
    </ClInclude>
    <ClInclude Include="Include\sfcss\css_element\css_element_callbacks.h">
      <Filter>Header Files</Filter>
    </ClInclude>
    <ClInclude Include="Include\sfcss\events\userevent.h">
      <Filter>Header Files</Filter>
    </ClInclude>
    <ClInclude Include="Include\sfcss\parsing\parse.h">
      <Filter>Header Files</Filter>
    </ClInclude>
    <ClInclude Include="Include\sfcss\parsing\tokens.h">
      <Filter>Header Files</Filter>
    </ClInclude>
    <ClInclude Include="Include\sfcss\property\animation.h">
      <Filter>Header Files</Filter>
    </ClInclude>
    <ClInclude Include="Include\sfcss\property\background.h">
      <Filter>Header Files</Filter>
    </ClInclude>
    <ClInclude Include="Include\sfcss\property\border.h">
      <Filter>Header Files</Filter>
    </ClInclude>
    <ClInclude Include="Include\sfcss\property\color.h">
      <Filter>Header Files</Filter>
    </ClInclude>
    <ClInclude Include="Include\sfcss\property\enabled.h">
      <Filter>Header Files</Filter>
    </ClInclude>
    <ClInclude Include="Include\sfcss\property\font.h">
      <Filter>Header Files</Filter>
    </ClInclude>
    <ClInclude Include="Include\sfcss\property\position.h">
      <Filter>Header Files</Filter>
    </ClInclude>
    <ClInclude Include="Include\sfcss\property\properties.h">
      <Filter>Header Files</Filter>
    </ClInclude>
    <ClInclude Include="Include\sfcss\property\sizing.h">
      <Filter>Header Files</Filter>
    </ClInclude>
    <ClInclude Include="Include\sfcss\property\visibility.h">
      <Filter>Header Files</Filter>
    </ClInclude>
    <ClInclude Include="Include\sfcss\renderering\renderers\screen_renderer.h">
      <Filter>Header Files</Filter>
    </ClInclude>
    <ClInclude Include="Include\sfcss\renderering\renderers\widget_renderer.h">
      <Filter>Header Files</Filter>
    </ClInclude>
    <ClInclude Include="Include\sfcss\renderering\tree\geometry_node.h">
      <Filter>Header Files</Filter>
    </ClInclude>
    <ClInclude Include="Include\sfcss\renderering\tree\render_node.h">
      <Filter>Header Files</Filter>
    </ClInclude>
    <ClInclude Include="Include\sfcss\renderering\tree\render_tree.h">
      <Filter>Header Files</Filter>
    </ClInclude>
    <ClInclude Include="Include\sfcss\renderering\tree\text_node.h">
      <Filter>Header Files</Filter>
    </ClInclude>
    <ClInclude Include="Include\sfcss\selector\selector.h">
      <Filter>Header Files</Filter>
    </ClInclude>
    <ClInclude Include="Include\sfcss\sfcss\sfcss.h">
      <Filter>Header Files</Filter>
    </ClInclude>
    <ClInclude Include="Include\sfcss\specificity\specificity.h">
      <Filter>Header Files</Filter>
    </ClInclude>
    <ClInclude Include="Include\sfcss\stylesheet\stylesheet.h">
      <Filter>Header Files</Filter>
    </ClInclude>
    <ClInclude Include="Include\sfcss\ui\signals\signal.hpp">
      <Filter>Header Files</Filter>
    </ClInclude>
    <ClInclude Include="Include\sfcss\ui\tree\clickable_node.h">
      <Filter>Header Files</Filter>
    </ClInclude>
    <ClInclude Include="Include\sfcss\ui\tree\screen_node.h">
      <Filter>Header Files</Filter>
    </ClInclude>
    <ClInclude Include="Include\sfcss\ui\tree\ui_node.h">
      <Filter>Header Files</Filter>
    </ClInclude>
    <ClInclude Include="Include\sfcss\ui\tree\ui_tree.h">
      <Filter>Header Files</Filter>
    </ClInclude>
    <ClInclude Include="Include\sfcss\ui\widgets\button_base.h">
      <Filter>Header Files</Filter>
    </ClInclude>
    <ClInclude Include="Include\sfcss\ui\widgets\click_button.h">
      <Filter>Header Files</Filter>
    </ClInclude>
    <ClInclude Include="Include\sfcss\ui\widgets\clickable.h">
      <Filter>Header Files</Filter>
    </ClInclude>
    <ClInclude Include="Include\sfcss\ui\widgets\screen.h">
      <Filter>Header Files</Filter>
    </ClInclude>
    <ClInclude Include="Include\sfcss\ui\event_handler.h">
      <Filter>Header Files</Filter>
    </ClInclude>
    <ClInclude Include="Include\sfcss\ui\ui.h">
      <Filter>Header Files</Filter>
    </ClInclude>
    <ClInclude Include="Include\sfcss\ui\widget.h">
      <Filter>Header Files</Filter>
    </ClInclude>
    <ClInclude Include="Include\sfcss\utils\box.h">
      <Filter>Header Files</Filter>
    </ClInclude>
    <ClInclude Include="Include\sfcss\utils\cubic_bezier.h">
      <Filter>Header Files</Filter>
    </ClInclude>
    <ClInclude Include="Include\sfcss\utils\quad_tree.h">
      <Filter>Header Files</Filter>
    </ClInclude>
    <ClInclude Include="Include\sfcss\utils\util.h">
      <Filter>Header Files</Filter>
    </ClInclude>
    <ClInclude Include="Include\sfcss\utils\vec.h">
      <Filter>Header Files</Filter>
    </ClInclude>
    <ClInclude Include="Include\sfcss\common.h">
      <Filter>Header Files</Filter>
    </ClInclude>
    <ClInclude Include="Include\sfcss\preproc.h">
      <Filter>Header Files</Filter>
    </ClInclude>
    <ClInclude Include="Include\sfcss\sfml_types.h">
      <Filter>Header Files</Filter>
    </ClInclude>
    <ClInclude Include="Include\sfcss\types.h">
      <Filter>Header Files</Filter>
    </ClInclude>
  </ItemGroup>
  <ItemGroup>
    <ClCompile Include="SFEditor.cpp">
      <Filter>Source Files</Filter>
    </ClCompile>
    <ClCompile Include="Source\UI\Widgets\Widget.cpp">
      <Filter>Source Files</Filter>
    </ClCompile>
    <ClCompile Include="Source\UI\Widgets\Clickable.cpp">
      <Filter>Source Files</Filter>
    </ClCompile>
    <ClCompile Include="Source\UI\Widgets\Page.cpp">
      <Filter>Source Files</Filter>
    </ClCompile>
    <ClCompile Include="Source\UI\Widgets\GenericContainer.cpp">
      <Filter>Source Files</Filter>
    </ClCompile>
    <ClCompile Include="Source\UI\Globals.cpp">
      <Filter>Source Files</Filter>
    </ClCompile>
    <ClCompile Include="Source\UI\Widgets\Screen.cpp">
      <Filter>Source Files</Filter>
    </ClCompile>
    <ClCompile Include="Source\UI\Widgets\FlatButton.cpp">
      <Filter>Source Files</Filter>
    </ClCompile>
    <ClCompile Include="Source\UI\Window.cpp">
      <Filter>Source Files</Filter>
    </ClCompile>
    <ClCompile Include="Source\UI\Widgets\Label.cpp">
      <Filter>Source Files</Filter>
    </ClCompile>
    <ClCompile Include="Source\UI\Widgets\SolidButton.cpp">
      <Filter>Source Files</Filter>
    </ClCompile>
    <ClCompile Include="Source\UI\Widgets\Expandable.cpp">
      <Filter>Source Files</Filter>
    </ClCompile>
    <ClCompile Include="Source\UI\Widgets\ExpandableList.cpp">
      <Filter>Source Files</Filter>
    </ClCompile>
    <ClCompile Include="Source\Events\UserEvent.cpp">
      <Filter>Source Files</Filter>
    </ClCompile>
    <ClCompile Include="Source\UI\Widgets\Selectable.cpp">
      <Filter>Source Files</Filter>
    </ClCompile>
    <ClCompile Include="Include\sfcss\specificity\main.cpp">
      <Filter>Source Files</Filter>
    </ClCompile>
    <ClCompile Include="Source\sfcss\callback\types.cpp">
      <Filter>Source Files</Filter>
    </ClCompile>
    <ClCompile Include="Source\sfcss\parsing\parse.cpp">
      <Filter>Source Files</Filter>
    </ClCompile>
    <ClCompile Include="Source\sfcss\parsing\tokens.cpp">
      <Filter>Source Files</Filter>
    </ClCompile>
    <ClCompile Include="Source\sfcss\property\color.cpp">
      <Filter>Source Files</Filter>
    </ClCompile>
    <ClCompile Include="Source\sfcss\property\position.cpp">
      <Filter>Source Files</Filter>
    </ClCompile>
    <ClCompile Include="Source\sfcss\rendering\renderers\screen_renderer.cpp">
      <Filter>Source Files</Filter>
    </ClCompile>
    <ClCompile Include="Source\sfcss\rendering\renderers\widget_renderer.cpp">
      <Filter>Source Files</Filter>
    </ClCompile>
    <ClCompile Include="Source\sfcss\rendering\tree\geometry_node.cpp">
      <Filter>Source Files</Filter>
    </ClCompile>
    <ClCompile Include="Source\sfcss\rendering\tree\render_node.cpp">
      <Filter>Source Files</Filter>
    </ClCompile>
    <ClCompile Include="Source\sfcss\rendering\tree\text_node.cpp">
      <Filter>Source Files</Filter>
    </ClCompile>
    <ClCompile Include="Source\sfcss\ui\tree\clickable_node.cpp">
      <Filter>Source Files</Filter>
    </ClCompile>
    <ClCompile Include="Source\sfcss\ui\tree\screen_node.cpp">
      <Filter>Source Files</Filter>
    </ClCompile>
    <ClCompile Include="Source\sfcss\ui\tree\ui_node.cpp">
      <Filter>Source Files</Filter>
    </ClCompile>
    <ClCompile Include="Source\sfcss\ui\tree\ui_tree.cpp">
      <Filter>Source Files</Filter>
    </ClCompile>
    <ClCompile Include="Source\sfcss\ui\widgets\button_base.cpp">
      <Filter>Source Files</Filter>
    </ClCompile>
    <ClCompile Include="Source\sfcss\ui\event_handler.cpp">
      <Filter>Source Files</Filter>
    </ClCompile>
    <ClCompile Include="Source\sfcss\utils\cubic_bezier.cpp">
      <Filter>Source Files</Filter>
    </ClCompile>
    <ClCompile Include="Source\sfcss\utils\quad_tree.cpp">
      <Filter>Source Files</Filter>
    </ClCompile>
    <ClCompile Include="Source\sfcss\common.cpp">
      <Filter>Source Files</Filter>
    </ClCompile>
    <ClCompile Include="Source\sfcss\ui\css_widget.cpp">
      <Filter>Source Files</Filter>
    </ClCompile>
    <ClCompile Include="Source\sfcss\ui\widgets\clickable_widget.cpp">
      <Filter>Source Files</Filter>
    </ClCompile>
    <ClCompile Include="Source\sfcss\ui\widgets\screen_widget.cpp">
      <Filter>Source Files</Filter>
    </ClCompile>
  </ItemGroup>
</Project>